{
  "version": 4,
  "terraform_version": "1.3.3",
  "serial": 76,
  "lineage": "019da478-1f3a-a251-e05a-ee036690bd0b",
  "outputs": {},
  "resources": [
    {
      "mode": "data",
      "type": "hcp_vault_secrets_app",
      "name": "Homelab",
      "provider": "provider[\"registry.terraform.io/hashicorp/hcp\"]",
      "instances": [
        {
          "schema_version": 0,
          "attributes": {
            "app_name": "Homelab",
            "id": "Homelab",
            "organization_id": "b4de0a7b-ac76-405b-ac32-9543ce8ecdd2",
            "project_id": "deaad29a-375c-407e-94ff-b73359c769b6",
            "secrets": {
              "CF_API_TOKEN": "4Okde0GENVYQisGTXNTKncMSdfvUpgZ0syoU7MTq",
              "CF_ZONE_ID": "53f43b28c5239050fd4002b792c6717a",
              "HL_CTC_PVE1_TOKEN": "c4d544f3-cc48-4a82-960d-24ee0de95388",
              "HL_SMT_PVE1_TOKEN": "6c313fdd-1fe1-43b0-b7e9-8f7d57ba7161",
              "HL_SMT_PVE2_TOKEN": "e11d23c6-b4bf-4b2a-b855-e40cddc99e0a",
              "VM_PASSWORD": "jndvasco"
            }
          },
          "sensitive_attributes": []
        }
      ]
    },
    {
      "module": "module.Fedora39-VM[\"VM400\"]",
      "mode": "managed",
      "type": "cloudflare_record",
      "name": "DNS-VM",
      "provider": "provider[\"registry.terraform.io/cloudflare/cloudflare\"]",
      "instances": [
        {
          "schema_version": 2,
          "attributes": {
            "allow_overwrite": false,
            "comment": "",
            "created_on": "2024-01-31T23:50:36.873833Z",
            "data": [],
            "hostname": "vm400.servers.jndvasco.pt",
            "id": "e1b21c1ecc2395356896b1115f603796",
            "metadata": {
              "auto_added": "false",
              "managed_by_apps": "false",
              "managed_by_argo_tunnel": "false",
              "source": "primary"
            },
            "modified_on": "2024-01-31T23:50:36.873833Z",
            "name": "vm400.servers.",
            "priority": null,
            "proxiable": false,
            "proxied": false,
            "tags": null,
            "timeouts": null,
            "ttl": 1,
            "type": "A",
            "value": "10.100.1.40",
            "zone_id": "53f43b28c5239050fd4002b792c6717a"
          },
          "sensitive_attributes": [
            [
              {
                "type": "get_attr",
                "value": "zone_id"
              }
            ]
          ],
          "private": "eyJlMmJmYjczMC1lY2FhLTExZTYtOGY4OC0zNDM2M2JjN2M0YzAiOnsiY3JlYXRlIjozMDAwMDAwMDAwMCwidXBkYXRlIjozMDAwMDAwMDAwMH0sInNjaGVtYV92ZXJzaW9uIjoiMiJ9",
          "dependencies": [
            "data.hcp_vault_secrets_app.Homelab"
          ]
        }
      ]
    },
    {
      "module": "module.Fedora39-VM[\"VM400\"]",
      "mode": "managed",
      "type": "proxmox_vm_qemu",
      "name": "Fedora39-VM",
      "provider": "provider[\"registry.terraform.io/thegameprofi/proxmox\"]",
      "instances": [
        {
          "status": "tainted",
          "schema_version": 0,
          "attributes": {
            "additional_wait": 5,
            "agent": 1,
            "args": "",
            "automatic_reboot": true,
            "balloon": 0,
            "bios": "seabios",
            "boot": "c",
            "bootdisk": "scsi0",
            "bridge": null,
            "ci_wait": null,
            "cicustom": "",
            "cipassword": "jndvasco",
            "ciuser": "jndvasco",
            "clone": "Fedora39-Cloud",
            "clone_wait": 10,
            "cloudinit_cdrom_storage": null,
            "cores": 2,
            "cpu": "host",
            "default_ipv4_address": "10.100.1.40",
            "define_connection_info": true,
            "desc": "Fedora 39 Cloud image template | Cloud init ready",
            "disk": [],
            "disk_gb": null,
            "efidisk": [],
            "force_create": false,
            "force_recreate_on_change_of": null,
            "full_clone": true,
            "guest_agent_ready_timeout": 100,
            "hagroup": "",
            "hastate": "",
            "hostpci": [],
            "hotplug": "network,disk,usb",
            "id": "smt-pve1/qemu/400",
            "ipconfig": [],
            "ipconfig0": "gw=10.100.1.1,ip=10.100.1.40/24",
            "ipconfig1": "",
            "ipconfig10": "",
            "ipconfig11": "",
            "ipconfig12": "",
            "ipconfig13": "",
            "ipconfig14": "",
            "ipconfig15": "",
            "ipconfig2": "",
            "ipconfig3": "",
            "ipconfig4": "",
            "ipconfig5": "",
            "ipconfig6": "",
            "ipconfig7": "",
            "ipconfig8": "",
            "ipconfig9": "",
            "iso": null,
            "kvm": true,
            "mac": null,
            "machine": "",
            "memory": 2048,
            "name": "VM400",
            "nameserver": "",
            "network": [
              {
                "bridge": "vmbr0",
                "firewall": false,
                "link_down": false,
                "macaddr": "54:52:00:10:04:00",
                "model": "virtio",
                "mtu": 0,
                "queues": 0,
                "rate": 0,
                "tag": -1
              }
            ],
            "nic": null,
            "numa": false,
            "onboot": true,
            "oncreate": false,
            "os_network_config": null,
            "os_type": "cloud-init",
            "pool": "",
            "preprovision": true,
            "pxe": null,
            "qemu_os": "l26",
            "reboot_required": false,
            "scsihw": "virtio-scsi-single",
            "searchdomain": "",
            "serial": [],
            "smbios": [
              {
                "family": "",
                "manufacturer": "",
                "product": "",
                "serial": "",
                "sku": "",
                "uuid": "f83d0d47-344a-446b-8aeb-e3ac7c545bfe",
                "version": ""
              }
            ],
            "sockets": 1,
            "ssh_forward_ip": null,
            "ssh_host": "10.100.1.40",
            "ssh_port": "22",
            "ssh_private_key": null,
            "ssh_user": null,
            "sshkeys": "  ssh-rsa AAAAB3NzaC1yc2EAAAADAQABAAABgQC9kVnJCnneCB1PpkE+lmWwYy9ilMn1F5YuxXHQ5E/0oxrqjF90xeIGmfWJWHBQPHMeySWC3CgotqpsSTxKoK0dndtgwalZQfxcRXNus0344q3uBTiGT2VIfk3dqKQLTf+XyuM6qO1JHe16SQQyMfcpy4QiiwvSWjrwTXixcY5WNISzBLTDsmzgA7IWVKvY3yjT+rMNnrBNlhcR53gK16sayl6jNDzzfJ1xE6W70WN4zNcPmwoG4ydn1qOhGG8x5rR/vx8Kaan4rOfRS/fcx0T5BRtfz3KE5N0VmIEqUGoSlrGnpmuzlcirt5mhVtDMzUh4c2nTVclC/zL5f0BFB4SdQZyayof0N2ZhBKo2m7gXzml1uc+duoypQRQoUhPjOox+6lsFTVu++8hOcjZ4qMrgOc8ARN4cWix/Bb01T9AHZQIeIycrN1ytfMJ4mzOjHFYWxbHY0hjeV3CMBHAxz2YpzplLV6LFBicJoSoPLt54mLWwySJCYvDp8nxpJ8NeL9M= jndvasco@JNDV-PTT\n\n",
            "startup": "",
            "storage": null,
            "storage_type": null,
            "tablet": true,
            "tags": "fedora",
            "target_node": "smt-pve1",
            "target_nodes": null,
            "timeouts": null,
            "unused_disk": [],
            "usb": [],
            "vcpus": 0,
            "vga": [],
            "vlan": -1,
            "vm_state": "running",
            "vmid": 400
          },
          "sensitive_attributes": [],
          "private": "eyJlMmJmYjczMC1lY2FhLTExZTYtOGY4OC0zNDM2M2JjN2M0YzAiOnsiY3JlYXRlIjoxMjAwMDAwMDAwMDAwLCJkZWZhdWx0IjoxMjAwMDAwMDAwMDAwLCJkZWxldGUiOjEyMDAwMDAwMDAwMDAsInJlYWQiOjEyMDAwMDAwMDAwMDAsInVwZGF0ZSI6MTIwMDAwMDAwMDAwMH19",
          "dependencies": [
            "data.hcp_vault_secrets_app.Homelab"
          ]
        }
      ]
    },
    {
      "module": "module.Fedora39-VM[\"VM401\"]",
      "mode": "managed",
      "type": "cloudflare_record",
      "name": "DNS-VM",
      "provider": "provider[\"registry.terraform.io/cloudflare/cloudflare\"]",
      "instances": [
        {
          "schema_version": 2,
          "attributes": {
            "allow_overwrite": false,
            "comment": "",
            "created_on": "2024-01-31T23:50:41.358464Z",
            "data": [],
            "hostname": "vm401.servers.jndvasco.pt",
            "id": "9f22e839ba3f8fcecb34ba7a577d39fd",
            "metadata": {
              "auto_added": "false",
              "managed_by_apps": "false",
              "managed_by_argo_tunnel": "false",
              "source": "primary"
            },
            "modified_on": "2024-01-31T23:50:41.358464Z",
            "name": "vm401.servers.",
            "priority": null,
            "proxiable": false,
            "proxied": false,
            "tags": null,
            "timeouts": null,
            "ttl": 1,
            "type": "A",
            "value": "10.100.1.41",
            "zone_id": "53f43b28c5239050fd4002b792c6717a"
          },
          "sensitive_attributes": [
            [
              {
                "type": "get_attr",
                "value": "zone_id"
              }
            ]
          ],
          "private": "eyJlMmJmYjczMC1lY2FhLTExZTYtOGY4OC0zNDM2M2JjN2M0YzAiOnsiY3JlYXRlIjozMDAwMDAwMDAwMCwidXBkYXRlIjozMDAwMDAwMDAwMH0sInNjaGVtYV92ZXJzaW9uIjoiMiJ9",
          "dependencies": [
            "data.hcp_vault_secrets_app.Homelab"
          ]
        }
      ]
    },
    {
      "module": "module.Fedora39-VM[\"VM401\"]",
      "mode": "managed",
      "type": "proxmox_vm_qemu",
      "name": "Fedora39-VM",
      "provider": "provider[\"registry.terraform.io/thegameprofi/proxmox\"]",
      "instances": [
        {
          "status": "tainted",
          "schema_version": 0,
          "attributes": {
            "additional_wait": 5,
            "agent": 1,
            "args": "",
            "automatic_reboot": true,
            "balloon": 0,
            "bios": "seabios",
            "boot": "c",
            "bootdisk": "scsi0",
            "bridge": null,
            "ci_wait": null,
            "cicustom": "",
            "cipassword": "jndvasco",
            "ciuser": "jndvasco",
            "clone": "Fedora39-Cloud",
            "clone_wait": 10,
            "cloudinit_cdrom_storage": null,
            "cores": 2,
            "cpu": "host",
            "default_ipv4_address": "10.100.1.41",
            "define_connection_info": true,
            "desc": "Fedora 39 Cloud image template | Cloud init ready",
            "disk": [],
            "disk_gb": null,
            "efidisk": [],
            "force_create": false,
            "force_recreate_on_change_of": null,
            "full_clone": true,
            "guest_agent_ready_timeout": 100,
            "hagroup": "",
            "hastate": "",
            "hostpci": [],
            "hotplug": "network,disk,usb",
            "id": "smt-pve1/qemu/401",
            "ipconfig": [],
            "ipconfig0": "gw=10.100.1.1,ip=10.100.1.41/24",
            "ipconfig1": "",
            "ipconfig10": "",
            "ipconfig11": "",
            "ipconfig12": "",
            "ipconfig13": "",
            "ipconfig14": "",
            "ipconfig15": "",
            "ipconfig2": "",
            "ipconfig3": "",
            "ipconfig4": "",
            "ipconfig5": "",
            "ipconfig6": "",
            "ipconfig7": "",
            "ipconfig8": "",
            "ipconfig9": "",
            "iso": null,
            "kvm": true,
            "mac": null,
            "machine": "",
            "memory": 2048,
            "name": "VM401",
            "nameserver": "",
            "network": [
              {
                "bridge": "vmbr0",
                "firewall": false,
                "link_down": false,
                "macaddr": "54:52:00:10:04:01",
                "model": "virtio",
                "mtu": 0,
                "queues": 0,
                "rate": 0,
                "tag": -1
              }
            ],
            "nic": null,
            "numa": false,
            "onboot": true,
            "oncreate": false,
            "os_network_config": null,
            "os_type": "cloud-init",
            "pool": "",
            "preprovision": true,
            "pxe": null,
            "qemu_os": "l26",
            "reboot_required": false,
            "scsihw": "virtio-scsi-single",
            "searchdomain": "",
            "serial": [],
            "smbios": [
              {
                "family": "",
                "manufacturer": "",
                "product": "",
                "serial": "",
                "sku": "",
                "uuid": "def332e6-b008-4563-b30a-c8dae32dbe8d",
                "version": ""
              }
            ],
            "sockets": 1,
            "ssh_forward_ip": null,
            "ssh_host": "10.100.1.41",
            "ssh_port": "22",
            "ssh_private_key": null,
            "ssh_user": null,
            "sshkeys": "  ssh-rsa AAAAB3NzaC1yc2EAAAADAQABAAABgQC9kVnJCnneCB1PpkE+lmWwYy9ilMn1F5YuxXHQ5E/0oxrqjF90xeIGmfWJWHBQPHMeySWC3CgotqpsSTxKoK0dndtgwalZQfxcRXNus0344q3uBTiGT2VIfk3dqKQLTf+XyuM6qO1JHe16SQQyMfcpy4QiiwvSWjrwTXixcY5WNISzBLTDsmzgA7IWVKvY3yjT+rMNnrBNlhcR53gK16sayl6jNDzzfJ1xE6W70WN4zNcPmwoG4ydn1qOhGG8x5rR/vx8Kaan4rOfRS/fcx0T5BRtfz3KE5N0VmIEqUGoSlrGnpmuzlcirt5mhVtDMzUh4c2nTVclC/zL5f0BFB4SdQZyayof0N2ZhBKo2m7gXzml1uc+duoypQRQoUhPjOox+6lsFTVu++8hOcjZ4qMrgOc8ARN4cWix/Bb01T9AHZQIeIycrN1ytfMJ4mzOjHFYWxbHY0hjeV3CMBHAxz2YpzplLV6LFBicJoSoPLt54mLWwySJCYvDp8nxpJ8NeL9M= jndvasco@JNDV-PTT\n\n",
            "startup": "",
            "storage": null,
            "storage_type": null,
            "tablet": true,
            "tags": "fedora",
            "target_node": "smt-pve1",
            "target_nodes": null,
            "timeouts": null,
            "unused_disk": [],
            "usb": [],
            "vcpus": 0,
            "vga": [],
            "vlan": -1,
            "vm_state": "running",
            "vmid": 401
          },
          "sensitive_attributes": [],
          "private": "eyJlMmJmYjczMC1lY2FhLTExZTYtOGY4OC0zNDM2M2JjN2M0YzAiOnsiY3JlYXRlIjoxMjAwMDAwMDAwMDAwLCJkZWZhdWx0IjoxMjAwMDAwMDAwMDAwLCJkZWxldGUiOjEyMDAwMDAwMDAwMDAsInJlYWQiOjEyMDAwMDAwMDAwMDAsInVwZGF0ZSI6MTIwMDAwMDAwMDAwMH19",
          "dependencies": [
            "data.hcp_vault_secrets_app.Homelab"
          ]
        }
      ]
    },
    {
      "module": "module.Fedora39-VM[\"VM402\"]",
      "mode": "managed",
      "type": "cloudflare_record",
      "name": "DNS-VM",
      "provider": "provider[\"registry.terraform.io/cloudflare/cloudflare\"]",
      "instances": [
        {
          "schema_version": 2,
          "attributes": {
            "allow_overwrite": false,
            "comment": "",
            "created_on": "2024-01-31T23:50:41.862497Z",
            "data": [],
            "hostname": "vm402.servers.jndvasco.pt",
            "id": "d43220d0c19bdabb44a924aa0ad494f4",
            "metadata": {
              "auto_added": "false",
              "managed_by_apps": "false",
              "managed_by_argo_tunnel": "false",
              "source": "primary"
            },
            "modified_on": "2024-01-31T23:50:41.862497Z",
            "name": "vm402.servers.",
            "priority": null,
            "proxiable": false,
            "proxied": false,
            "tags": null,
            "timeouts": null,
            "ttl": 1,
            "type": "A",
            "value": "10.100.1.42",
            "zone_id": "53f43b28c5239050fd4002b792c6717a"
          },
          "sensitive_attributes": [
            [
              {
                "type": "get_attr",
                "value": "zone_id"
              }
            ]
          ],
          "private": "eyJlMmJmYjczMC1lY2FhLTExZTYtOGY4OC0zNDM2M2JjN2M0YzAiOnsiY3JlYXRlIjozMDAwMDAwMDAwMCwidXBkYXRlIjozMDAwMDAwMDAwMH0sInNjaGVtYV92ZXJzaW9uIjoiMiJ9",
          "dependencies": [
            "data.hcp_vault_secrets_app.Homelab"
          ]
        }
      ]
    },
    {
      "module": "module.Fedora39-VM[\"VM402\"]",
      "mode": "managed",
      "type": "proxmox_vm_qemu",
      "name": "Fedora39-VM",
      "provider": "provider[\"registry.terraform.io/thegameprofi/proxmox\"]",
      "instances": [
        {
          "schema_version": 0,
          "attributes": {
            "additional_wait": 5,
            "agent": 1,
            "args": "",
            "automatic_reboot": true,
            "balloon": 0,
            "bios": "seabios",
            "boot": "c",
            "bootdisk": "scsi0",
            "bridge": null,
            "ci_wait": null,
            "cicustom": "",
            "cipassword": "jndvasco",
            "ciuser": "jndvasco",
            "clone": "Fedora39-Cloud",
            "clone_wait": 10,
            "cloudinit_cdrom_storage": null,
            "cores": 2,
            "cpu": "host",
            "default_ipv4_address": "10.100.1.42",
            "define_connection_info": true,
            "desc": "Fedora 39 Cloud image template | Cloud init ready",
            "disk": [],
            "disk_gb": null,
            "efidisk": [],
            "force_create": false,
            "force_recreate_on_change_of": null,
            "full_clone": true,
            "guest_agent_ready_timeout": 100,
            "hagroup": "",
            "hastate": "",
            "hostpci": [],
            "hotplug": "network,disk,usb",
            "id": "smt-pve1/qemu/402",
            "ipconfig": [],
            "ipconfig0": "gw=10.100.1.1,ip=10.100.1.42/24",
            "ipconfig1": "",
            "ipconfig10": "",
            "ipconfig11": "",
            "ipconfig12": "",
            "ipconfig13": "",
            "ipconfig14": "",
            "ipconfig15": "",
            "ipconfig2": "",
            "ipconfig3": "",
            "ipconfig4": "",
            "ipconfig5": "",
            "ipconfig6": "",
            "ipconfig7": "",
            "ipconfig8": "",
            "ipconfig9": "",
            "iso": null,
            "kvm": true,
            "mac": null,
            "machine": "",
            "memory": 2048,
            "name": "VM402",
            "nameserver": "",
            "network": [
              {
                "bridge": "vmbr0",
                "firewall": false,
                "link_down": false,
                "macaddr": "54:52:00:10:04:02",
                "model": "virtio",
                "mtu": 0,
                "queues": 0,
                "rate": 0,
                "tag": -1
              }
            ],
            "nic": null,
            "numa": false,
            "onboot": true,
            "oncreate": false,
            "os_network_config": null,
            "os_type": "cloud-init",
            "pool": "",
            "preprovision": true,
            "pxe": null,
            "qemu_os": "l26",
            "reboot_required": false,
            "scsihw": "virtio-scsi-single",
            "searchdomain": "",
            "serial": [],
            "smbios": [
              {
                "family": "",
                "manufacturer": "",
                "product": "",
                "serial": "",
                "sku": "",
                "uuid": "2dbbf064-7615-41b0-8afc-f5cfbb7045cd",
                "version": ""
              }
            ],
            "sockets": 1,
            "ssh_forward_ip": null,
            "ssh_host": "10.100.1.42",
            "ssh_port": "22",
            "ssh_private_key": null,
            "ssh_user": null,
            "sshkeys": "  ssh-rsa AAAAB3NzaC1yc2EAAAADAQABAAABgQC9kVnJCnneCB1PpkE+lmWwYy9ilMn1F5YuxXHQ5E/0oxrqjF90xeIGmfWJWHBQPHMeySWC3CgotqpsSTxKoK0dndtgwalZQfxcRXNus0344q3uBTiGT2VIfk3dqKQLTf+XyuM6qO1JHe16SQQyMfcpy4QiiwvSWjrwTXixcY5WNISzBLTDsmzgA7IWVKvY3yjT+rMNnrBNlhcR53gK16sayl6jNDzzfJ1xE6W70WN4zNcPmwoG4ydn1qOhGG8x5rR/vx8Kaan4rOfRS/fcx0T5BRtfz3KE5N0VmIEqUGoSlrGnpmuzlcirt5mhVtDMzUh4c2nTVclC/zL5f0BFB4SdQZyayof0N2ZhBKo2m7gXzml1uc+duoypQRQoUhPjOox+6lsFTVu++8hOcjZ4qMrgOc8ARN4cWix/Bb01T9AHZQIeIycrN1ytfMJ4mzOjHFYWxbHY0hjeV3CMBHAxz2YpzplLV6LFBicJoSoPLt54mLWwySJCYvDp8nxpJ8NeL9M= jndvasco@JNDV-PTT\n\n",
            "startup": "",
            "storage": null,
            "storage_type": null,
            "tablet": true,
            "tags": "fedora",
            "target_node": "smt-pve1",
            "target_nodes": null,
            "timeouts": null,
            "unused_disk": [],
            "usb": [],
            "vcpus": 0,
            "vga": [],
            "vlan": -1,
            "vm_state": "running",
            "vmid": 402
          },
          "sensitive_attributes": [],
          "private": "eyJlMmJmYjczMC1lY2FhLTExZTYtOGY4OC0zNDM2M2JjN2M0YzAiOnsiY3JlYXRlIjoxMjAwMDAwMDAwMDAwLCJkZWZhdWx0IjoxMjAwMDAwMDAwMDAwLCJkZWxldGUiOjEyMDAwMDAwMDAwMDAsInJlYWQiOjEyMDAwMDAwMDAwMDAsInVwZGF0ZSI6MTIwMDAwMDAwMDAwMH19",
          "dependencies": [
            "data.hcp_vault_secrets_app.Homelab"
          ]
        }
      ]
    },
    {
      "module": "module.Fedora39-VM[\"VM403\"]",
      "mode": "managed",
      "type": "cloudflare_record",
      "name": "DNS-VM",
      "provider": "provider[\"registry.terraform.io/cloudflare/cloudflare\"]",
      "instances": [
        {
          "schema_version": 2,
          "attributes": {
            "allow_overwrite": false,
            "comment": "",
            "created_on": "2024-01-31T23:50:36.831885Z",
            "data": [],
            "hostname": "vm403.servers.jndvasco.pt",
            "id": "06781d1658246aa2ba80d59ba0ade370",
            "metadata": {
              "auto_added": "false",
              "managed_by_apps": "false",
              "managed_by_argo_tunnel": "false",
              "source": "primary"
            },
            "modified_on": "2024-01-31T23:50:36.831885Z",
            "name": "vm403.servers.",
            "priority": null,
            "proxiable": false,
            "proxied": false,
            "tags": null,
            "timeouts": null,
            "ttl": 1,
            "type": "A",
            "value": "10.100.1.43",
            "zone_id": "53f43b28c5239050fd4002b792c6717a"
          },
          "sensitive_attributes": [
            [
              {
                "type": "get_attr",
                "value": "zone_id"
              }
            ]
          ],
          "private": "eyJlMmJmYjczMC1lY2FhLTExZTYtOGY4OC0zNDM2M2JjN2M0YzAiOnsiY3JlYXRlIjozMDAwMDAwMDAwMCwidXBkYXRlIjozMDAwMDAwMDAwMH0sInNjaGVtYV92ZXJzaW9uIjoiMiJ9",
          "dependencies": [
            "data.hcp_vault_secrets_app.Homelab"
          ]
        }
      ]
    },
    {
      "module": "module.Fedora39-VM[\"VM403\"]",
      "mode": "managed",
      "type": "proxmox_vm_qemu",
      "name": "Fedora39-VM",
      "provider": "provider[\"registry.terraform.io/thegameprofi/proxmox\"]",
      "instances": [
        {
          "status": "tainted",
          "schema_version": 0,
          "attributes": {
            "additional_wait": 5,
            "agent": 1,
            "args": "",
            "automatic_reboot": true,
            "balloon": 0,
            "bios": "seabios",
            "boot": "c",
            "bootdisk": "scsi0",
            "bridge": null,
            "ci_wait": null,
            "cicustom": "",
            "cipassword": "jndvasco",
            "ciuser": "jndvasco",
            "clone": "Fedora39-Cloud",
            "clone_wait": 10,
            "cloudinit_cdrom_storage": null,
            "cores": 2,
            "cpu": "host",
            "default_ipv4_address": "10.100.1.43",
            "define_connection_info": true,
            "desc": "Fedora 39 Cloud image template | Cloud init ready",
            "disk": [],
            "disk_gb": null,
            "efidisk": [],
            "force_create": false,
            "force_recreate_on_change_of": null,
            "full_clone": true,
            "guest_agent_ready_timeout": 100,
            "hagroup": "",
            "hastate": "",
            "hostpci": [],
            "hotplug": "network,disk,usb",
            "id": "smt-pve2/qemu/403",
            "ipconfig": [],
            "ipconfig0": "gw=10.100.1.1,ip=10.100.1.43/24",
            "ipconfig1": "",
            "ipconfig10": "",
            "ipconfig11": "",
            "ipconfig12": "",
            "ipconfig13": "",
            "ipconfig14": "",
            "ipconfig15": "",
            "ipconfig2": "",
            "ipconfig3": "",
            "ipconfig4": "",
            "ipconfig5": "",
            "ipconfig6": "",
            "ipconfig7": "",
            "ipconfig8": "",
            "ipconfig9": "",
            "iso": null,
            "kvm": true,
            "mac": null,
            "machine": "",
            "memory": 2048,
            "name": "VM403",
            "nameserver": "",
            "network": [
              {
                "bridge": "vmbr0",
                "firewall": false,
                "link_down": false,
                "macaddr": "54:52:00:10:04:03",
                "model": "virtio",
                "mtu": 0,
                "queues": 0,
                "rate": 0,
                "tag": -1
              }
            ],
            "nic": null,
            "numa": false,
            "onboot": true,
            "oncreate": false,
            "os_network_config": null,
            "os_type": "cloud-init",
            "pool": "",
            "preprovision": true,
            "pxe": null,
            "qemu_os": "l26",
            "reboot_required": false,
            "scsihw": "virtio-scsi-single",
            "searchdomain": "",
            "serial": [],
            "smbios": [
              {
                "family": "",
                "manufacturer": "",
                "product": "",
                "serial": "",
                "sku": "",
                "uuid": "6dcfd954-6a57-4dde-a881-651c75718290",
                "version": ""
              }
            ],
            "sockets": 1,
            "ssh_forward_ip": null,
            "ssh_host": "10.100.1.43",
            "ssh_port": "22",
            "ssh_private_key": null,
            "ssh_user": null,
            "sshkeys": "  ssh-rsa AAAAB3NzaC1yc2EAAAADAQABAAABgQC9kVnJCnneCB1PpkE+lmWwYy9ilMn1F5YuxXHQ5E/0oxrqjF90xeIGmfWJWHBQPHMeySWC3CgotqpsSTxKoK0dndtgwalZQfxcRXNus0344q3uBTiGT2VIfk3dqKQLTf+XyuM6qO1JHe16SQQyMfcpy4QiiwvSWjrwTXixcY5WNISzBLTDsmzgA7IWVKvY3yjT+rMNnrBNlhcR53gK16sayl6jNDzzfJ1xE6W70WN4zNcPmwoG4ydn1qOhGG8x5rR/vx8Kaan4rOfRS/fcx0T5BRtfz3KE5N0VmIEqUGoSlrGnpmuzlcirt5mhVtDMzUh4c2nTVclC/zL5f0BFB4SdQZyayof0N2ZhBKo2m7gXzml1uc+duoypQRQoUhPjOox+6lsFTVu++8hOcjZ4qMrgOc8ARN4cWix/Bb01T9AHZQIeIycrN1ytfMJ4mzOjHFYWxbHY0hjeV3CMBHAxz2YpzplLV6LFBicJoSoPLt54mLWwySJCYvDp8nxpJ8NeL9M= jndvasco@JNDV-PTT\n\n",
            "startup": "",
            "storage": null,
            "storage_type": null,
            "tablet": true,
            "tags": "fedora",
            "target_node": "smt-pve2",
            "target_nodes": null,
            "timeouts": null,
            "unused_disk": [],
            "usb": [],
            "vcpus": 0,
            "vga": [],
            "vlan": -1,
            "vm_state": "running",
            "vmid": 403
          },
          "sensitive_attributes": [],
          "private": "eyJlMmJmYjczMC1lY2FhLTExZTYtOGY4OC0zNDM2M2JjN2M0YzAiOnsiY3JlYXRlIjoxMjAwMDAwMDAwMDAwLCJkZWZhdWx0IjoxMjAwMDAwMDAwMDAwLCJkZWxldGUiOjEyMDAwMDAwMDAwMDAsInJlYWQiOjEyMDAwMDAwMDAwMDAsInVwZGF0ZSI6MTIwMDAwMDAwMDAwMH19",
          "dependencies": [
            "data.hcp_vault_secrets_app.Homelab"
          ]
        }
      ]
    },
    {
      "module": "module.Fedora39-VM[\"VM404\"]",
      "mode": "managed",
      "type": "cloudflare_record",
      "name": "DNS-VM",
      "provider": "provider[\"registry.terraform.io/cloudflare/cloudflare\"]",
      "instances": [
        {
          "schema_version": 2,
          "attributes": {
            "allow_overwrite": false,
            "comment": "",
            "created_on": "2024-01-31T23:50:37.101661Z",
            "data": [],
            "hostname": "vm404.servers.jndvasco.pt",
            "id": "f1969e275c5bfec158e01b1b3cd6311c",
            "metadata": {
              "auto_added": "false",
              "managed_by_apps": "false",
              "managed_by_argo_tunnel": "false",
              "source": "primary"
            },
            "modified_on": "2024-01-31T23:50:37.101661Z",
            "name": "vm404.servers.",
            "priority": null,
            "proxiable": false,
            "proxied": false,
            "tags": null,
            "timeouts": null,
            "ttl": 1,
            "type": "A",
            "value": "10.100.1.44",
            "zone_id": "53f43b28c5239050fd4002b792c6717a"
          },
          "sensitive_attributes": [
            [
              {
                "type": "get_attr",
                "value": "zone_id"
              }
            ]
          ],
          "private": "eyJlMmJmYjczMC1lY2FhLTExZTYtOGY4OC0zNDM2M2JjN2M0YzAiOnsiY3JlYXRlIjozMDAwMDAwMDAwMCwidXBkYXRlIjozMDAwMDAwMDAwMH0sInNjaGVtYV92ZXJzaW9uIjoiMiJ9",
          "dependencies": [
            "data.hcp_vault_secrets_app.Homelab"
          ]
        }
      ]
    },
    {
      "module": "module.Fedora39-VM[\"VM404\"]",
      "mode": "managed",
      "type": "proxmox_vm_qemu",
      "name": "Fedora39-VM",
      "provider": "provider[\"registry.terraform.io/thegameprofi/proxmox\"]",
      "instances": [
        {
          "schema_version": 0,
          "attributes": {
            "additional_wait": 5,
            "agent": 1,
            "args": "",
            "automatic_reboot": true,
            "balloon": 0,
            "bios": "seabios",
            "boot": "c",
            "bootdisk": "scsi0",
            "bridge": null,
            "ci_wait": null,
            "cicustom": "",
            "cipassword": "jndvasco",
            "ciuser": "jndvasco",
            "clone": "Fedora39-Cloud",
            "clone_wait": 10,
            "cloudinit_cdrom_storage": null,
            "cores": 2,
            "cpu": "host",
            "default_ipv4_address": "10.100.1.44",
            "define_connection_info": true,
            "desc": "Fedora 39 Cloud image template | Cloud init ready",
            "disk": [],
            "disk_gb": null,
            "efidisk": [],
            "force_create": false,
            "force_recreate_on_change_of": null,
            "full_clone": true,
            "guest_agent_ready_timeout": 100,
            "hagroup": "",
            "hastate": "",
            "hostpci": [],
            "hotplug": "network,disk,usb",
            "id": "smt-pve2/qemu/404",
            "ipconfig": [],
            "ipconfig0": "gw=10.100.1.1,ip=10.100.1.44/24",
            "ipconfig1": "",
            "ipconfig10": "",
            "ipconfig11": "",
            "ipconfig12": "",
            "ipconfig13": "",
            "ipconfig14": "",
            "ipconfig15": "",
            "ipconfig2": "",
            "ipconfig3": "",
            "ipconfig4": "",
            "ipconfig5": "",
            "ipconfig6": "",
            "ipconfig7": "",
            "ipconfig8": "",
            "ipconfig9": "",
            "iso": null,
            "kvm": true,
            "mac": null,
            "machine": "",
            "memory": 2048,
            "name": "VM404",
            "nameserver": "",
            "network": [
              {
                "bridge": "vmbr0",
                "firewall": false,
                "link_down": false,
                "macaddr": "54:52:00:10:04:04",
                "model": "virtio",
                "mtu": 0,
                "queues": 0,
                "rate": 0,
                "tag": -1
              }
            ],
            "nic": null,
            "numa": false,
            "onboot": true,
            "oncreate": false,
            "os_network_config": null,
            "os_type": "cloud-init",
            "pool": "",
            "preprovision": true,
            "pxe": null,
            "qemu_os": "l26",
            "reboot_required": false,
            "scsihw": "virtio-scsi-single",
            "searchdomain": "",
            "serial": [],
            "smbios": [
              {
                "family": "",
                "manufacturer": "",
                "product": "",
                "serial": "",
                "sku": "",
                "uuid": "7cc8cbc2-32a4-48df-8420-8854192a95c9",
                "version": ""
              }
            ],
            "sockets": 1,
            "ssh_forward_ip": null,
            "ssh_host": "10.100.1.44",
            "ssh_port": "22",
            "ssh_private_key": null,
            "ssh_user": null,
            "sshkeys": "  ssh-rsa AAAAB3NzaC1yc2EAAAADAQABAAABgQC9kVnJCnneCB1PpkE+lmWwYy9ilMn1F5YuxXHQ5E/0oxrqjF90xeIGmfWJWHBQPHMeySWC3CgotqpsSTxKoK0dndtgwalZQfxcRXNus0344q3uBTiGT2VIfk3dqKQLTf+XyuM6qO1JHe16SQQyMfcpy4QiiwvSWjrwTXixcY5WNISzBLTDsmzgA7IWVKvY3yjT+rMNnrBNlhcR53gK16sayl6jNDzzfJ1xE6W70WN4zNcPmwoG4ydn1qOhGG8x5rR/vx8Kaan4rOfRS/fcx0T5BRtfz3KE5N0VmIEqUGoSlrGnpmuzlcirt5mhVtDMzUh4c2nTVclC/zL5f0BFB4SdQZyayof0N2ZhBKo2m7gXzml1uc+duoypQRQoUhPjOox+6lsFTVu++8hOcjZ4qMrgOc8ARN4cWix/Bb01T9AHZQIeIycrN1ytfMJ4mzOjHFYWxbHY0hjeV3CMBHAxz2YpzplLV6LFBicJoSoPLt54mLWwySJCYvDp8nxpJ8NeL9M= jndvasco@JNDV-PTT\n\n",
            "startup": "",
            "storage": null,
            "storage_type": null,
            "tablet": true,
            "tags": "fedora",
            "target_node": "smt-pve2",
            "target_nodes": null,
            "timeouts": null,
            "unused_disk": [],
            "usb": [],
            "vcpus": 0,
            "vga": [],
            "vlan": -1,
            "vm_state": "running",
            "vmid": 404
          },
          "sensitive_attributes": [],
          "private": "eyJlMmJmYjczMC1lY2FhLTExZTYtOGY4OC0zNDM2M2JjN2M0YzAiOnsiY3JlYXRlIjoxMjAwMDAwMDAwMDAwLCJkZWZhdWx0IjoxMjAwMDAwMDAwMDAwLCJkZWxldGUiOjEyMDAwMDAwMDAwMDAsInJlYWQiOjEyMDAwMDAwMDAwMDAsInVwZGF0ZSI6MTIwMDAwMDAwMDAwMH19",
          "dependencies": [
            "data.hcp_vault_secrets_app.Homelab"
          ]
        }
      ]
    },
    {
      "module": "module.Fedora39-VM[\"VM405\"]",
      "mode": "managed",
      "type": "cloudflare_record",
      "name": "DNS-VM",
      "provider": "provider[\"registry.terraform.io/cloudflare/cloudflare\"]",
      "instances": [
        {
          "schema_version": 2,
          "attributes": {
            "allow_overwrite": false,
            "comment": "",
            "created_on": "2024-01-31T23:50:36.857999Z",
            "data": [],
            "hostname": "vm405.servers.jndvasco.pt",
            "id": "45d8697f3860e0a7ac187fd99735d193",
            "metadata": {
              "auto_added": "false",
              "managed_by_apps": "false",
              "managed_by_argo_tunnel": "false",
              "source": "primary"
            },
            "modified_on": "2024-01-31T23:50:36.857999Z",
            "name": "vm405.servers.",
            "priority": null,
            "proxiable": false,
            "proxied": false,
            "tags": null,
            "timeouts": null,
            "ttl": 1,
            "type": "A",
            "value": "10.100.1.45",
            "zone_id": "53f43b28c5239050fd4002b792c6717a"
          },
          "sensitive_attributes": [
            [
              {
                "type": "get_attr",
                "value": "zone_id"
              }
            ]
          ],
          "private": "eyJlMmJmYjczMC1lY2FhLTExZTYtOGY4OC0zNDM2M2JjN2M0YzAiOnsiY3JlYXRlIjozMDAwMDAwMDAwMCwidXBkYXRlIjozMDAwMDAwMDAwMH0sInNjaGVtYV92ZXJzaW9uIjoiMiJ9",
          "dependencies": [
            "data.hcp_vault_secrets_app.Homelab"
          ]
        }
      ]
    },
    {
      "module": "module.Fedora39-VM[\"VM405\"]",
      "mode": "managed",
      "type": "proxmox_vm_qemu",
      "name": "Fedora39-VM",
      "provider": "provider[\"registry.terraform.io/thegameprofi/proxmox\"]",
      "instances": [
        {
          "schema_version": 0,
          "attributes": {
            "additional_wait": 5,
            "agent": 1,
            "args": "",
            "automatic_reboot": true,
            "balloon": 0,
            "bios": "seabios",
            "boot": "c",
            "bootdisk": "scsi0",
            "bridge": null,
            "ci_wait": null,
            "cicustom": "",
            "cipassword": "jndvasco",
            "ciuser": "jndvasco",
            "clone": "Fedora39-Cloud",
            "clone_wait": 10,
            "cloudinit_cdrom_storage": null,
            "cores": 2,
            "cpu": "host",
            "default_ipv4_address": "10.100.1.45",
            "define_connection_info": true,
            "desc": "Fedora 39 Cloud image template | Cloud init ready",
            "disk": [],
            "disk_gb": null,
            "efidisk": [],
            "force_create": false,
            "force_recreate_on_change_of": null,
            "full_clone": true,
            "guest_agent_ready_timeout": 100,
            "hagroup": "",
            "hastate": "",
            "hostpci": [],
            "hotplug": "network,disk,usb",
            "id": "smt-pve2/qemu/405",
            "ipconfig": [],
            "ipconfig0": "gw=10.100.1.1,ip=10.100.1.45/24",
            "ipconfig1": "",
            "ipconfig10": "",
            "ipconfig11": "",
            "ipconfig12": "",
            "ipconfig13": "",
            "ipconfig14": "",
            "ipconfig15": "",
            "ipconfig2": "",
            "ipconfig3": "",
            "ipconfig4": "",
            "ipconfig5": "",
            "ipconfig6": "",
            "ipconfig7": "",
            "ipconfig8": "",
            "ipconfig9": "",
            "iso": null,
            "kvm": true,
            "mac": null,
            "machine": "",
            "memory": 2048,
            "name": "VM405",
            "nameserver": "",
            "network": [
              {
                "bridge": "vmbr0",
                "firewall": false,
                "link_down": false,
                "macaddr": "54:52:00:10:04:05",
                "model": "virtio",
                "mtu": 0,
                "queues": 0,
                "rate": 0,
                "tag": -1
              }
            ],
            "nic": null,
            "numa": false,
            "onboot": true,
            "oncreate": false,
            "os_network_config": null,
            "os_type": "cloud-init",
            "pool": "",
            "preprovision": true,
            "pxe": null,
            "qemu_os": "l26",
            "reboot_required": false,
            "scsihw": "virtio-scsi-single",
            "searchdomain": "",
            "serial": [],
            "smbios": [
              {
                "family": "",
                "manufacturer": "",
                "product": "",
                "serial": "",
                "sku": "",
                "uuid": "ceb1c98b-2bdd-449a-8bf7-4b20cb3ccf79",
                "version": ""
              }
            ],
            "sockets": 1,
            "ssh_forward_ip": null,
            "ssh_host": "10.100.1.45",
            "ssh_port": "22",
            "ssh_private_key": null,
            "ssh_user": null,
            "sshkeys": "  ssh-rsa AAAAB3NzaC1yc2EAAAADAQABAAABgQC9kVnJCnneCB1PpkE+lmWwYy9ilMn1F5YuxXHQ5E/0oxrqjF90xeIGmfWJWHBQPHMeySWC3CgotqpsSTxKoK0dndtgwalZQfxcRXNus0344q3uBTiGT2VIfk3dqKQLTf+XyuM6qO1JHe16SQQyMfcpy4QiiwvSWjrwTXixcY5WNISzBLTDsmzgA7IWVKvY3yjT+rMNnrBNlhcR53gK16sayl6jNDzzfJ1xE6W70WN4zNcPmwoG4ydn1qOhGG8x5rR/vx8Kaan4rOfRS/fcx0T5BRtfz3KE5N0VmIEqUGoSlrGnpmuzlcirt5mhVtDMzUh4c2nTVclC/zL5f0BFB4SdQZyayof0N2ZhBKo2m7gXzml1uc+duoypQRQoUhPjOox+6lsFTVu++8hOcjZ4qMrgOc8ARN4cWix/Bb01T9AHZQIeIycrN1ytfMJ4mzOjHFYWxbHY0hjeV3CMBHAxz2YpzplLV6LFBicJoSoPLt54mLWwySJCYvDp8nxpJ8NeL9M= jndvasco@JNDV-PTT\n\n",
            "startup": "",
            "storage": null,
            "storage_type": null,
            "tablet": true,
            "tags": "fedora",
            "target_node": "smt-pve2",
            "target_nodes": null,
            "timeouts": null,
            "unused_disk": [],
            "usb": [],
            "vcpus": 0,
            "vga": [],
            "vlan": -1,
            "vm_state": "running",
            "vmid": 405
          },
          "sensitive_attributes": [],
          "private": "eyJlMmJmYjczMC1lY2FhLTExZTYtOGY4OC0zNDM2M2JjN2M0YzAiOnsiY3JlYXRlIjoxMjAwMDAwMDAwMDAwLCJkZWZhdWx0IjoxMjAwMDAwMDAwMDAwLCJkZWxldGUiOjEyMDAwMDAwMDAwMDAsInJlYWQiOjEyMDAwMDAwMDAwMDAsInVwZGF0ZSI6MTIwMDAwMDAwMDAwMH19",
          "dependencies": [
            "data.hcp_vault_secrets_app.Homelab"
          ]
        }
      ]
    },
    {
      "module": "module.Fedora39-VM[\"VM406\"]",
      "mode": "managed",
      "type": "cloudflare_record",
      "name": "DNS-VM",
      "provider": "provider[\"registry.terraform.io/cloudflare/cloudflare\"]",
      "instances": [
        {
          "schema_version": 2,
          "attributes": {
            "allow_overwrite": false,
            "comment": "",
            "created_on": "2024-01-31T23:50:42.344237Z",
            "data": [],
            "hostname": "vm406.servers.jndvasco.pt",
            "id": "b0cb7ebeafc9629f42d48eb05176579a",
            "metadata": {
              "auto_added": "false",
              "managed_by_apps": "false",
              "managed_by_argo_tunnel": "false",
              "source": "primary"
            },
            "modified_on": "2024-01-31T23:50:42.344237Z",
            "name": "vm406.servers.",
            "priority": null,
            "proxiable": false,
            "proxied": false,
            "tags": null,
            "timeouts": null,
            "ttl": 1,
            "type": "A",
            "value": "10.100.1.46",
            "zone_id": "53f43b28c5239050fd4002b792c6717a"
          },
          "sensitive_attributes": [
            [
              {
                "type": "get_attr",
                "value": "zone_id"
              }
            ]
          ],
          "private": "eyJlMmJmYjczMC1lY2FhLTExZTYtOGY4OC0zNDM2M2JjN2M0YzAiOnsiY3JlYXRlIjozMDAwMDAwMDAwMCwidXBkYXRlIjozMDAwMDAwMDAwMH0sInNjaGVtYV92ZXJzaW9uIjoiMiJ9",
          "dependencies": [
            "data.hcp_vault_secrets_app.Homelab"
          ]
        }
      ]
    },
    {
      "module": "module.Fedora39-VM[\"VM406\"]",
      "mode": "managed",
      "type": "proxmox_vm_qemu",
      "name": "Fedora39-VM",
      "provider": "provider[\"registry.terraform.io/thegameprofi/proxmox\"]",
      "instances": [
        {
          "status": "tainted",
          "schema_version": 0,
          "attributes": {
            "additional_wait": 5,
            "agent": 1,
            "args": "",
            "automatic_reboot": true,
            "balloon": 0,
            "bios": "seabios",
            "boot": "c",
            "bootdisk": "scsi0",
            "bridge": null,
            "ci_wait": null,
            "cicustom": "",
            "cipassword": "jndvasco",
            "ciuser": "jndvasco",
            "clone": "Fedora39-Cloud",
            "clone_wait": 10,
            "cloudinit_cdrom_storage": null,
            "cores": 2,
            "cpu": "host",
            "default_ipv4_address": "10.100.1.46",
            "define_connection_info": true,
            "desc": "Fedora 39 Cloud image template | Cloud init ready",
            "disk": [],
            "disk_gb": null,
            "efidisk": [],
            "force_create": false,
            "force_recreate_on_change_of": null,
            "full_clone": true,
            "guest_agent_ready_timeout": 100,
            "hagroup": "",
            "hastate": "",
            "hostpci": [],
            "hotplug": "network,disk,usb",
            "id": "smt-pve3/qemu/406",
            "ipconfig": [],
            "ipconfig0": "gw=10.100.1.1,ip=10.100.1.46/24",
            "ipconfig1": "",
            "ipconfig10": "",
            "ipconfig11": "",
            "ipconfig12": "",
            "ipconfig13": "",
            "ipconfig14": "",
            "ipconfig15": "",
            "ipconfig2": "",
            "ipconfig3": "",
            "ipconfig4": "",
            "ipconfig5": "",
            "ipconfig6": "",
            "ipconfig7": "",
            "ipconfig8": "",
            "ipconfig9": "",
            "iso": null,
            "kvm": true,
            "mac": null,
            "machine": "",
            "memory": 2048,
            "name": "VM406",
            "nameserver": "",
            "network": [
              {
                "bridge": "vmbr0",
                "firewall": false,
                "link_down": false,
                "macaddr": "54:52:00:10:04:06",
                "model": "virtio",
                "mtu": 0,
                "queues": 0,
                "rate": 0,
                "tag": -1
              }
            ],
            "nic": null,
            "numa": false,
            "onboot": true,
            "oncreate": false,
            "os_network_config": null,
            "os_type": "cloud-init",
            "pool": "",
            "preprovision": true,
            "pxe": null,
            "qemu_os": "l26",
            "reboot_required": false,
            "scsihw": "virtio-scsi-single",
            "searchdomain": "",
            "serial": [],
            "smbios": [
              {
                "family": "",
                "manufacturer": "",
                "product": "",
                "serial": "",
                "sku": "",
                "uuid": "f4e707c5-a184-4e43-9fbd-2c2c01f18d44",
                "version": ""
              }
            ],
            "sockets": 1,
            "ssh_forward_ip": null,
            "ssh_host": "10.100.1.46",
            "ssh_port": "22",
            "ssh_private_key": null,
            "ssh_user": null,
            "sshkeys": "  ssh-rsa AAAAB3NzaC1yc2EAAAADAQABAAABgQC9kVnJCnneCB1PpkE+lmWwYy9ilMn1F5YuxXHQ5E/0oxrqjF90xeIGmfWJWHBQPHMeySWC3CgotqpsSTxKoK0dndtgwalZQfxcRXNus0344q3uBTiGT2VIfk3dqKQLTf+XyuM6qO1JHe16SQQyMfcpy4QiiwvSWjrwTXixcY5WNISzBLTDsmzgA7IWVKvY3yjT+rMNnrBNlhcR53gK16sayl6jNDzzfJ1xE6W70WN4zNcPmwoG4ydn1qOhGG8x5rR/vx8Kaan4rOfRS/fcx0T5BRtfz3KE5N0VmIEqUGoSlrGnpmuzlcirt5mhVtDMzUh4c2nTVclC/zL5f0BFB4SdQZyayof0N2ZhBKo2m7gXzml1uc+duoypQRQoUhPjOox+6lsFTVu++8hOcjZ4qMrgOc8ARN4cWix/Bb01T9AHZQIeIycrN1ytfMJ4mzOjHFYWxbHY0hjeV3CMBHAxz2YpzplLV6LFBicJoSoPLt54mLWwySJCYvDp8nxpJ8NeL9M= jndvasco@JNDV-PTT\n\n",
            "startup": "",
            "storage": null,
            "storage_type": null,
            "tablet": true,
            "tags": "fedora",
            "target_node": "smt-pve3",
            "target_nodes": null,
            "timeouts": null,
            "unused_disk": [],
            "usb": [],
            "vcpus": 0,
            "vga": [],
            "vlan": -1,
            "vm_state": "running",
            "vmid": 406
          },
          "sensitive_attributes": [],
          "private": "eyJlMmJmYjczMC1lY2FhLTExZTYtOGY4OC0zNDM2M2JjN2M0YzAiOnsiY3JlYXRlIjoxMjAwMDAwMDAwMDAwLCJkZWZhdWx0IjoxMjAwMDAwMDAwMDAwLCJkZWxldGUiOjEyMDAwMDAwMDAwMDAsInJlYWQiOjEyMDAwMDAwMDAwMDAsInVwZGF0ZSI6MTIwMDAwMDAwMDAwMH19",
          "dependencies": [
            "data.hcp_vault_secrets_app.Homelab"
          ]
        }
      ]
    },
    {
      "module": "module.Fedora39-VM[\"VM407\"]",
      "mode": "managed",
      "type": "cloudflare_record",
      "name": "DNS-VM",
      "provider": "provider[\"registry.terraform.io/cloudflare/cloudflare\"]",
      "instances": [
        {
          "schema_version": 2,
          "attributes": {
            "allow_overwrite": false,
            "comment": "",
            "created_on": "2024-01-31T23:50:41.581674Z",
            "data": [],
            "hostname": "vm407.servers.jndvasco.pt",
            "id": "c474458a7b258d1246702695c40ff887",
            "metadata": {
              "auto_added": "false",
              "managed_by_apps": "false",
              "managed_by_argo_tunnel": "false",
              "source": "primary"
            },
            "modified_on": "2024-01-31T23:50:41.581674Z",
            "name": "vm407.servers.",
            "priority": null,
            "proxiable": false,
            "proxied": false,
            "tags": null,
            "timeouts": null,
            "ttl": 1,
            "type": "A",
            "value": "10.100.1.47",
            "zone_id": "53f43b28c5239050fd4002b792c6717a"
          },
          "sensitive_attributes": [
            [
              {
                "type": "get_attr",
                "value": "zone_id"
              }
            ]
          ],
          "private": "eyJlMmJmYjczMC1lY2FhLTExZTYtOGY4OC0zNDM2M2JjN2M0YzAiOnsiY3JlYXRlIjozMDAwMDAwMDAwMCwidXBkYXRlIjozMDAwMDAwMDAwMH0sInNjaGVtYV92ZXJzaW9uIjoiMiJ9",
          "dependencies": [
            "data.hcp_vault_secrets_app.Homelab"
          ]
        }
      ]
    },
    {
      "module": "module.Fedora39-VM[\"VM407\"]",
      "mode": "managed",
      "type": "proxmox_vm_qemu",
      "name": "Fedora39-VM",
      "provider": "provider[\"registry.terraform.io/thegameprofi/proxmox\"]",
      "instances": [
        {
          "schema_version": 0,
          "attributes": {
            "additional_wait": 5,
            "agent": 1,
            "args": "",
            "automatic_reboot": true,
            "balloon": 0,
            "bios": "seabios",
            "boot": "c",
            "bootdisk": "scsi0",
            "bridge": null,
            "ci_wait": null,
            "cicustom": "",
            "cipassword": "jndvasco",
            "ciuser": "jndvasco",
            "clone": "Fedora39-Cloud",
            "clone_wait": 10,
            "cloudinit_cdrom_storage": null,
            "cores": 2,
            "cpu": "host",
            "default_ipv4_address": "10.100.1.47",
            "define_connection_info": true,
            "desc": "Fedora 39 Cloud image template | Cloud init ready",
            "disk": [],
            "disk_gb": null,
            "efidisk": [],
            "force_create": false,
            "force_recreate_on_change_of": null,
            "full_clone": true,
            "guest_agent_ready_timeout": 100,
            "hagroup": "",
            "hastate": "",
            "hostpci": [],
            "hotplug": "network,disk,usb",
            "id": "smt-pve3/qemu/407",
            "ipconfig": [],
            "ipconfig0": "gw=10.100.1.1,ip=10.100.1.47/24",
            "ipconfig1": "",
            "ipconfig10": "",
            "ipconfig11": "",
            "ipconfig12": "",
            "ipconfig13": "",
            "ipconfig14": "",
            "ipconfig15": "",
            "ipconfig2": "",
            "ipconfig3": "",
            "ipconfig4": "",
            "ipconfig5": "",
            "ipconfig6": "",
            "ipconfig7": "",
            "ipconfig8": "",
            "ipconfig9": "",
            "iso": null,
            "kvm": true,
            "mac": null,
            "machine": "",
            "memory": 2048,
            "name": "VM407",
            "nameserver": "",
            "network": [
              {
                "bridge": "vmbr0",
                "firewall": false,
                "link_down": false,
                "macaddr": "54:52:00:10:04:07",
                "model": "virtio",
                "mtu": 0,
                "queues": 0,
                "rate": 0,
                "tag": -1
              }
            ],
            "nic": null,
            "numa": false,
            "onboot": true,
            "oncreate": false,
            "os_network_config": null,
            "os_type": "cloud-init",
            "pool": "",
            "preprovision": true,
            "pxe": null,
            "qemu_os": "l26",
            "reboot_required": false,
            "scsihw": "virtio-scsi-single",
            "searchdomain": "",
            "serial": [],
            "smbios": [
              {
                "family": "",
                "manufacturer": "",
                "product": "",
                "serial": "",
                "sku": "",
                "uuid": "0d644180-7086-4576-84b7-1628b0b3e5df",
                "version": ""
              }
            ],
            "sockets": 1,
            "ssh_forward_ip": null,
            "ssh_host": "10.100.1.47",
            "ssh_port": "22",
            "ssh_private_key": null,
            "ssh_user": null,
            "sshkeys": "  ssh-rsa AAAAB3NzaC1yc2EAAAADAQABAAABgQC9kVnJCnneCB1PpkE+lmWwYy9ilMn1F5YuxXHQ5E/0oxrqjF90xeIGmfWJWHBQPHMeySWC3CgotqpsSTxKoK0dndtgwalZQfxcRXNus0344q3uBTiGT2VIfk3dqKQLTf+XyuM6qO1JHe16SQQyMfcpy4QiiwvSWjrwTXixcY5WNISzBLTDsmzgA7IWVKvY3yjT+rMNnrBNlhcR53gK16sayl6jNDzzfJ1xE6W70WN4zNcPmwoG4ydn1qOhGG8x5rR/vx8Kaan4rOfRS/fcx0T5BRtfz3KE5N0VmIEqUGoSlrGnpmuzlcirt5mhVtDMzUh4c2nTVclC/zL5f0BFB4SdQZyayof0N2ZhBKo2m7gXzml1uc+duoypQRQoUhPjOox+6lsFTVu++8hOcjZ4qMrgOc8ARN4cWix/Bb01T9AHZQIeIycrN1ytfMJ4mzOjHFYWxbHY0hjeV3CMBHAxz2YpzplLV6LFBicJoSoPLt54mLWwySJCYvDp8nxpJ8NeL9M= jndvasco@JNDV-PTT\n\n",
            "startup": "",
            "storage": null,
            "storage_type": null,
            "tablet": true,
            "tags": "fedora",
            "target_node": "smt-pve3",
            "target_nodes": null,
            "timeouts": null,
            "unused_disk": [],
            "usb": [],
            "vcpus": 0,
            "vga": [],
            "vlan": -1,
            "vm_state": "running",
            "vmid": 407
          },
          "sensitive_attributes": [],
          "private": "eyJlMmJmYjczMC1lY2FhLTExZTYtOGY4OC0zNDM2M2JjN2M0YzAiOnsiY3JlYXRlIjoxMjAwMDAwMDAwMDAwLCJkZWZhdWx0IjoxMjAwMDAwMDAwMDAwLCJkZWxldGUiOjEyMDAwMDAwMDAwMDAsInJlYWQiOjEyMDAwMDAwMDAwMDAsInVwZGF0ZSI6MTIwMDAwMDAwMDAwMH19",
          "dependencies": [
            "data.hcp_vault_secrets_app.Homelab"
          ]
        }
      ]
    },
    {
      "module": "module.Fedora39-VM[\"VM408\"]",
      "mode": "managed",
      "type": "cloudflare_record",
      "name": "DNS-VM",
      "provider": "provider[\"registry.terraform.io/cloudflare/cloudflare\"]",
      "instances": [
        {
          "schema_version": 2,
          "attributes": {
            "allow_overwrite": false,
            "comment": "",
            "created_on": "2024-01-31T23:50:42.854948Z",
            "data": [],
            "hostname": "vm408.servers.jndvasco.pt",
            "id": "bd38b44feb2eafc03f506bc897a145f9",
            "metadata": {
              "auto_added": "false",
              "managed_by_apps": "false",
              "managed_by_argo_tunnel": "false",
              "source": "primary"
            },
            "modified_on": "2024-01-31T23:50:42.854948Z",
            "name": "vm408.servers.",
            "priority": null,
            "proxiable": false,
            "proxied": false,
            "tags": null,
            "timeouts": null,
            "ttl": 1,
            "type": "A",
            "value": "10.100.1.48",
            "zone_id": "53f43b28c5239050fd4002b792c6717a"
          },
          "sensitive_attributes": [
            [
              {
                "type": "get_attr",
                "value": "zone_id"
              }
            ]
          ],
          "private": "eyJlMmJmYjczMC1lY2FhLTExZTYtOGY4OC0zNDM2M2JjN2M0YzAiOnsiY3JlYXRlIjozMDAwMDAwMDAwMCwidXBkYXRlIjozMDAwMDAwMDAwMH0sInNjaGVtYV92ZXJzaW9uIjoiMiJ9",
          "dependencies": [
            "data.hcp_vault_secrets_app.Homelab"
          ]
        }
      ]
    },
    {
      "module": "module.Fedora39-VM[\"VM408\"]",
      "mode": "managed",
      "type": "proxmox_vm_qemu",
      "name": "Fedora39-VM",
      "provider": "provider[\"registry.terraform.io/thegameprofi/proxmox\"]",
      "instances": [
        {
          "schema_version": 0,
          "attributes": {
            "additional_wait": 5,
            "agent": 1,
            "args": "",
            "automatic_reboot": true,
            "balloon": 0,
            "bios": "seabios",
            "boot": "c",
            "bootdisk": "scsi0",
            "bridge": null,
            "ci_wait": null,
            "cicustom": "",
            "cipassword": "jndvasco",
            "ciuser": "jndvasco",
            "clone": "Fedora39-Cloud",
            "clone_wait": 10,
            "cloudinit_cdrom_storage": null,
            "cores": 2,
            "cpu": "host",
            "default_ipv4_address": "10.100.1.48",
            "define_connection_info": true,
            "desc": "Fedora 39 Cloud image template | Cloud init ready",
            "disk": [],
            "disk_gb": null,
            "efidisk": [],
            "force_create": false,
            "force_recreate_on_change_of": null,
            "full_clone": true,
            "guest_agent_ready_timeout": 100,
            "hagroup": "",
            "hastate": "",
            "hostpci": [],
            "hotplug": "network,disk,usb",
            "id": "smt-pve3/qemu/408",
            "ipconfig": [],
            "ipconfig0": "gw=10.100.1.1,ip=10.100.1.48/24",
            "ipconfig1": "",
            "ipconfig10": "",
            "ipconfig11": "",
            "ipconfig12": "",
            "ipconfig13": "",
            "ipconfig14": "",
            "ipconfig15": "",
            "ipconfig2": "",
            "ipconfig3": "",
            "ipconfig4": "",
            "ipconfig5": "",
            "ipconfig6": "",
            "ipconfig7": "",
            "ipconfig8": "",
            "ipconfig9": "",
            "iso": null,
            "kvm": true,
            "mac": null,
            "machine": "",
            "memory": 2048,
            "name": "VM408",
            "nameserver": "",
            "network": [
              {
                "bridge": "vmbr0",
                "firewall": false,
                "link_down": false,
                "macaddr": "54:52:00:10:04:08",
                "model": "virtio",
                "mtu": 0,
                "queues": 0,
                "rate": 0,
                "tag": -1
              }
            ],
            "nic": null,
            "numa": false,
            "onboot": true,
            "oncreate": false,
            "os_network_config": null,
            "os_type": "cloud-init",
            "pool": "",
            "preprovision": true,
            "pxe": null,
            "qemu_os": "l26",
            "reboot_required": false,
            "scsihw": "virtio-scsi-single",
            "searchdomain": "",
            "serial": [],
            "smbios": [
              {
                "family": "",
                "manufacturer": "",
                "product": "",
                "serial": "",
                "sku": "",
                "uuid": "409f1a6a-933c-4f16-b158-7fe717b4c547",
                "version": ""
              }
            ],
            "sockets": 1,
            "ssh_forward_ip": null,
            "ssh_host": "10.100.1.48",
            "ssh_port": "22",
            "ssh_private_key": null,
            "ssh_user": null,
            "sshkeys": "  ssh-rsa AAAAB3NzaC1yc2EAAAADAQABAAABgQC9kVnJCnneCB1PpkE+lmWwYy9ilMn1F5YuxXHQ5E/0oxrqjF90xeIGmfWJWHBQPHMeySWC3CgotqpsSTxKoK0dndtgwalZQfxcRXNus0344q3uBTiGT2VIfk3dqKQLTf+XyuM6qO1JHe16SQQyMfcpy4QiiwvSWjrwTXixcY5WNISzBLTDsmzgA7IWVKvY3yjT+rMNnrBNlhcR53gK16sayl6jNDzzfJ1xE6W70WN4zNcPmwoG4ydn1qOhGG8x5rR/vx8Kaan4rOfRS/fcx0T5BRtfz3KE5N0VmIEqUGoSlrGnpmuzlcirt5mhVtDMzUh4c2nTVclC/zL5f0BFB4SdQZyayof0N2ZhBKo2m7gXzml1uc+duoypQRQoUhPjOox+6lsFTVu++8hOcjZ4qMrgOc8ARN4cWix/Bb01T9AHZQIeIycrN1ytfMJ4mzOjHFYWxbHY0hjeV3CMBHAxz2YpzplLV6LFBicJoSoPLt54mLWwySJCYvDp8nxpJ8NeL9M= jndvasco@JNDV-PTT\n\n",
            "startup": "",
            "storage": null,
            "storage_type": null,
            "tablet": true,
            "tags": "fedora",
            "target_node": "smt-pve3",
            "target_nodes": null,
            "timeouts": null,
            "unused_disk": [],
            "usb": [],
            "vcpus": 0,
            "vga": [],
            "vlan": -1,
            "vm_state": "running",
            "vmid": 408
          },
          "sensitive_attributes": [],
          "private": "eyJlMmJmYjczMC1lY2FhLTExZTYtOGY4OC0zNDM2M2JjN2M0YzAiOnsiY3JlYXRlIjoxMjAwMDAwMDAwMDAwLCJkZWZhdWx0IjoxMjAwMDAwMDAwMDAwLCJkZWxldGUiOjEyMDAwMDAwMDAwMDAsInJlYWQiOjEyMDAwMDAwMDAwMDAsInVwZGF0ZSI6MTIwMDAwMDAwMDAwMH19",
          "dependencies": [
            "data.hcp_vault_secrets_app.Homelab"
          ]
        }
      ]
    },
    {
      "module": "module.Fedora39-VM[\"VM500\"]",
      "mode": "managed",
      "type": "cloudflare_record",
      "name": "DNS-VM",
      "provider": "provider[\"registry.terraform.io/cloudflare/cloudflare\"]",
      "instances": [
        {
          "schema_version": 2,
          "attributes": {
            "allow_overwrite": false,
            "comment": "",
            "created_on": "2024-01-31T23:50:38.332428Z",
            "data": [],
            "hostname": "vm500.servers.jndvasco.pt",
            "id": "949c485f2dcc04fd1c9a28f13338955a",
            "metadata": {
              "auto_added": "false",
              "managed_by_apps": "false",
              "managed_by_argo_tunnel": "false",
              "source": "primary"
            },
            "modified_on": "2024-01-31T23:50:38.332428Z",
            "name": "vm500.servers.",
            "priority": null,
            "proxiable": false,
            "proxied": false,
            "tags": null,
            "timeouts": null,
            "ttl": 1,
            "type": "A",
            "value": "10.100.1.50",
            "zone_id": "53f43b28c5239050fd4002b792c6717a"
          },
          "sensitive_attributes": [
            [
              {
                "type": "get_attr",
                "value": "zone_id"
              }
            ]
          ],
          "private": "eyJlMmJmYjczMC1lY2FhLTExZTYtOGY4OC0zNDM2M2JjN2M0YzAiOnsiY3JlYXRlIjozMDAwMDAwMDAwMCwidXBkYXRlIjozMDAwMDAwMDAwMH0sInNjaGVtYV92ZXJzaW9uIjoiMiJ9",
          "dependencies": [
            "data.hcp_vault_secrets_app.Homelab"
          ]
        }
      ]
    },
    {
      "module": "module.Fedora39-VM[\"VM500\"]",
      "mode": "managed",
      "type": "proxmox_vm_qemu",
      "name": "Fedora39-VM",
      "provider": "provider[\"registry.terraform.io/thegameprofi/proxmox\"]",
      "instances": [
        {
          "schema_version": 0,
          "attributes": {
            "additional_wait": 5,
            "agent": 1,
            "args": "",
            "automatic_reboot": true,
            "balloon": 0,
            "bios": "seabios",
            "boot": "c",
            "bootdisk": "scsi0",
            "bridge": null,
            "ci_wait": null,
            "cicustom": "",
            "cipassword": "jndvasco",
            "ciuser": "jndvasco",
            "clone": "Fedora39-Cloud",
            "clone_wait": 10,
            "cloudinit_cdrom_storage": null,
            "cores": 2,
            "cpu": "host",
            "default_ipv4_address": "10.100.1.50",
            "define_connection_info": true,
            "desc": "Fedora 39 Cloud image template | Cloud init ready",
            "disk": [],
            "disk_gb": null,
            "efidisk": [],
            "force_create": false,
            "force_recreate_on_change_of": null,
            "full_clone": true,
            "guest_agent_ready_timeout": 100,
            "hagroup": "",
            "hastate": "",
            "hostpci": [],
            "hotplug": "network,disk,usb",
            "id": "smt-pve1/qemu/500",
            "ipconfig": [],
            "ipconfig0": "gw=10.100.1.1,ip=10.100.1.50/24",
            "ipconfig1": "",
            "ipconfig10": "",
            "ipconfig11": "",
            "ipconfig12": "",
            "ipconfig13": "",
            "ipconfig14": "",
            "ipconfig15": "",
            "ipconfig2": "",
            "ipconfig3": "",
            "ipconfig4": "",
            "ipconfig5": "",
            "ipconfig6": "",
            "ipconfig7": "",
            "ipconfig8": "",
            "ipconfig9": "",
            "iso": null,
            "kvm": true,
            "mac": null,
            "machine": "",
            "memory": 2048,
            "name": "VM500",
            "nameserver": "",
            "network": [
              {
                "bridge": "vmbr0",
                "firewall": false,
                "link_down": false,
                "macaddr": "54:52:00:10:05:00",
                "model": "virtio",
                "mtu": 0,
                "queues": 0,
                "rate": 0,
                "tag": -1
              }
            ],
            "nic": null,
            "numa": false,
            "onboot": true,
            "oncreate": false,
            "os_network_config": null,
            "os_type": "cloud-init",
            "pool": "",
            "preprovision": true,
            "pxe": null,
            "qemu_os": "l26",
            "reboot_required": false,
            "scsihw": "virtio-scsi-single",
            "searchdomain": "",
            "serial": [],
            "smbios": [
              {
                "family": "",
                "manufacturer": "",
                "product": "",
                "serial": "",
                "sku": "",
                "uuid": "56673d69-9a0f-4a80-84a6-32e866c52ff5",
                "version": ""
              }
            ],
            "sockets": 1,
            "ssh_forward_ip": null,
            "ssh_host": "10.100.1.50",
            "ssh_port": "22",
            "ssh_private_key": null,
            "ssh_user": null,
            "sshkeys": "  ssh-rsa AAAAB3NzaC1yc2EAAAADAQABAAABgQC9kVnJCnneCB1PpkE+lmWwYy9ilMn1F5YuxXHQ5E/0oxrqjF90xeIGmfWJWHBQPHMeySWC3CgotqpsSTxKoK0dndtgwalZQfxcRXNus0344q3uBTiGT2VIfk3dqKQLTf+XyuM6qO1JHe16SQQyMfcpy4QiiwvSWjrwTXixcY5WNISzBLTDsmzgA7IWVKvY3yjT+rMNnrBNlhcR53gK16sayl6jNDzzfJ1xE6W70WN4zNcPmwoG4ydn1qOhGG8x5rR/vx8Kaan4rOfRS/fcx0T5BRtfz3KE5N0VmIEqUGoSlrGnpmuzlcirt5mhVtDMzUh4c2nTVclC/zL5f0BFB4SdQZyayof0N2ZhBKo2m7gXzml1uc+duoypQRQoUhPjOox+6lsFTVu++8hOcjZ4qMrgOc8ARN4cWix/Bb01T9AHZQIeIycrN1ytfMJ4mzOjHFYWxbHY0hjeV3CMBHAxz2YpzplLV6LFBicJoSoPLt54mLWwySJCYvDp8nxpJ8NeL9M= jndvasco@JNDV-PTT\n\n",
            "startup": "",
            "storage": null,
            "storage_type": null,
            "tablet": true,
            "tags": "fedora",
            "target_node": "smt-pve1",
            "target_nodes": null,
            "timeouts": null,
            "unused_disk": [],
            "usb": [],
            "vcpus": 0,
            "vga": [],
            "vlan": -1,
            "vm_state": "running",
            "vmid": 500
          },
          "sensitive_attributes": [],
          "private": "eyJlMmJmYjczMC1lY2FhLTExZTYtOGY4OC0zNDM2M2JjN2M0YzAiOnsiY3JlYXRlIjoxMjAwMDAwMDAwMDAwLCJkZWZhdWx0IjoxMjAwMDAwMDAwMDAwLCJkZWxldGUiOjEyMDAwMDAwMDAwMDAsInJlYWQiOjEyMDAwMDAwMDAwMDAsInVwZGF0ZSI6MTIwMDAwMDAwMDAwMH19",
          "dependencies": [
            "data.hcp_vault_secrets_app.Homelab"
          ]
        }
      ]
    },
    {
      "module": "module.Fedora39-VM[\"VM501\"]",
      "mode": "managed",
      "type": "cloudflare_record",
      "name": "DNS-VM",
      "provider": "provider[\"registry.terraform.io/cloudflare/cloudflare\"]",
      "instances": [
        {
          "schema_version": 2,
          "attributes": {
            "allow_overwrite": false,
            "comment": "",
            "created_on": "2024-01-31T23:50:37.643829Z",
            "data": [],
            "hostname": "vm501.servers.jndvasco.pt",
            "id": "5a485500a9aab1d880e3093167e64e51",
            "metadata": {
              "auto_added": "false",
              "managed_by_apps": "false",
              "managed_by_argo_tunnel": "false",
              "source": "primary"
            },
            "modified_on": "2024-01-31T23:50:37.643829Z",
            "name": "vm501.servers.",
            "priority": null,
            "proxiable": false,
            "proxied": false,
            "tags": null,
            "timeouts": null,
            "ttl": 1,
            "type": "A",
            "value": "10.100.1.51",
            "zone_id": "53f43b28c5239050fd4002b792c6717a"
          },
          "sensitive_attributes": [
            [
              {
                "type": "get_attr",
                "value": "zone_id"
              }
            ]
          ],
          "private": "eyJlMmJmYjczMC1lY2FhLTExZTYtOGY4OC0zNDM2M2JjN2M0YzAiOnsiY3JlYXRlIjozMDAwMDAwMDAwMCwidXBkYXRlIjozMDAwMDAwMDAwMH0sInNjaGVtYV92ZXJzaW9uIjoiMiJ9",
          "dependencies": [
            "data.hcp_vault_secrets_app.Homelab"
          ]
        }
      ]
    },
    {
      "module": "module.Fedora39-VM[\"VM501\"]",
      "mode": "managed",
      "type": "proxmox_vm_qemu",
      "name": "Fedora39-VM",
      "provider": "provider[\"registry.terraform.io/thegameprofi/proxmox\"]",
      "instances": [
        {
          "schema_version": 0,
          "attributes": {
            "additional_wait": 5,
            "agent": 1,
            "args": "",
            "automatic_reboot": true,
            "balloon": 0,
            "bios": "seabios",
            "boot": "c",
            "bootdisk": "scsi0",
            "bridge": null,
            "ci_wait": null,
            "cicustom": "",
            "cipassword": "jndvasco",
            "ciuser": "jndvasco",
            "clone": "Fedora39-Cloud",
            "clone_wait": 10,
            "cloudinit_cdrom_storage": null,
            "cores": 2,
            "cpu": "host",
            "default_ipv4_address": "10.100.1.51",
            "define_connection_info": true,
            "desc": "Fedora 39 Cloud image template | Cloud init ready",
            "disk": [],
            "disk_gb": null,
            "efidisk": [],
            "force_create": false,
            "force_recreate_on_change_of": null,
            "full_clone": true,
            "guest_agent_ready_timeout": 100,
            "hagroup": "",
            "hastate": "",
            "hostpci": [],
            "hotplug": "network,disk,usb",
            "id": "smt-pve1/qemu/501",
            "ipconfig": [],
            "ipconfig0": "gw=10.100.1.1,ip=10.100.1.51/24",
            "ipconfig1": "",
            "ipconfig10": "",
            "ipconfig11": "",
            "ipconfig12": "",
            "ipconfig13": "",
            "ipconfig14": "",
            "ipconfig15": "",
            "ipconfig2": "",
            "ipconfig3": "",
            "ipconfig4": "",
            "ipconfig5": "",
            "ipconfig6": "",
            "ipconfig7": "",
            "ipconfig8": "",
            "ipconfig9": "",
            "iso": null,
            "kvm": true,
            "mac": null,
            "machine": "",
            "memory": 2048,
            "name": "VM501",
            "nameserver": "",
            "network": [
              {
                "bridge": "vmbr0",
                "firewall": false,
                "link_down": false,
                "macaddr": "54:52:00:10:05:01",
                "model": "virtio",
                "mtu": 0,
                "queues": 0,
                "rate": 0,
                "tag": -1
              }
            ],
            "nic": null,
            "numa": false,
            "onboot": true,
            "oncreate": false,
            "os_network_config": null,
            "os_type": "cloud-init",
            "pool": "",
            "preprovision": true,
            "pxe": null,
            "qemu_os": "l26",
            "reboot_required": false,
            "scsihw": "virtio-scsi-single",
            "searchdomain": "",
            "serial": [],
            "smbios": [
              {
                "family": "",
                "manufacturer": "",
                "product": "",
                "serial": "",
                "sku": "",
                "uuid": "0bf48b01-a1e9-46eb-aa6f-35c04ecd2c3e",
                "version": ""
              }
            ],
            "sockets": 1,
            "ssh_forward_ip": null,
            "ssh_host": "10.100.1.51",
            "ssh_port": "22",
            "ssh_private_key": null,
            "ssh_user": null,
            "sshkeys": "  ssh-rsa AAAAB3NzaC1yc2EAAAADAQABAAABgQC9kVnJCnneCB1PpkE+lmWwYy9ilMn1F5YuxXHQ5E/0oxrqjF90xeIGmfWJWHBQPHMeySWC3CgotqpsSTxKoK0dndtgwalZQfxcRXNus0344q3uBTiGT2VIfk3dqKQLTf+XyuM6qO1JHe16SQQyMfcpy4QiiwvSWjrwTXixcY5WNISzBLTDsmzgA7IWVKvY3yjT+rMNnrBNlhcR53gK16sayl6jNDzzfJ1xE6W70WN4zNcPmwoG4ydn1qOhGG8x5rR/vx8Kaan4rOfRS/fcx0T5BRtfz3KE5N0VmIEqUGoSlrGnpmuzlcirt5mhVtDMzUh4c2nTVclC/zL5f0BFB4SdQZyayof0N2ZhBKo2m7gXzml1uc+duoypQRQoUhPjOox+6lsFTVu++8hOcjZ4qMrgOc8ARN4cWix/Bb01T9AHZQIeIycrN1ytfMJ4mzOjHFYWxbHY0hjeV3CMBHAxz2YpzplLV6LFBicJoSoPLt54mLWwySJCYvDp8nxpJ8NeL9M= jndvasco@JNDV-PTT\n\n",
            "startup": "",
            "storage": null,
            "storage_type": null,
            "tablet": true,
            "tags": "fedora",
            "target_node": "smt-pve1",
            "target_nodes": null,
            "timeouts": null,
            "unused_disk": [],
            "usb": [],
            "vcpus": 0,
            "vga": [],
            "vlan": -1,
            "vm_state": "running",
            "vmid": 501
          },
          "sensitive_attributes": [],
          "private": "eyJlMmJmYjczMC1lY2FhLTExZTYtOGY4OC0zNDM2M2JjN2M0YzAiOnsiY3JlYXRlIjoxMjAwMDAwMDAwMDAwLCJkZWZhdWx0IjoxMjAwMDAwMDAwMDAwLCJkZWxldGUiOjEyMDAwMDAwMDAwMDAsInJlYWQiOjEyMDAwMDAwMDAwMDAsInVwZGF0ZSI6MTIwMDAwMDAwMDAwMH19",
          "dependencies": [
            "data.hcp_vault_secrets_app.Homelab"
          ]
        }
      ]
    },
    {
      "module": "module.Fedora39-VM[\"VM502\"]",
      "mode": "managed",
      "type": "cloudflare_record",
      "name": "DNS-VM",
      "provider": "provider[\"registry.terraform.io/cloudflare/cloudflare\"]",
      "instances": [
        {
          "schema_version": 2,
          "attributes": {
            "allow_overwrite": false,
            "comment": "",
            "created_on": "2024-01-31T23:50:42.593549Z",
            "data": [],
            "hostname": "vm502.servers.jndvasco.pt",
            "id": "f81f39d83cc75712226e03447a55a8ee",
            "metadata": {
              "auto_added": "false",
              "managed_by_apps": "false",
              "managed_by_argo_tunnel": "false",
              "source": "primary"
            },
            "modified_on": "2024-01-31T23:50:42.593549Z",
            "name": "vm502.servers.",
            "priority": null,
            "proxiable": false,
            "proxied": false,
            "tags": null,
            "timeouts": null,
            "ttl": 1,
            "type": "A",
            "value": "10.100.1.52",
            "zone_id": "53f43b28c5239050fd4002b792c6717a"
          },
          "sensitive_attributes": [
            [
              {
                "type": "get_attr",
                "value": "zone_id"
              }
            ]
          ],
          "private": "eyJlMmJmYjczMC1lY2FhLTExZTYtOGY4OC0zNDM2M2JjN2M0YzAiOnsiY3JlYXRlIjozMDAwMDAwMDAwMCwidXBkYXRlIjozMDAwMDAwMDAwMH0sInNjaGVtYV92ZXJzaW9uIjoiMiJ9",
          "dependencies": [
            "data.hcp_vault_secrets_app.Homelab"
          ]
        }
      ]
    },
    {
      "module": "module.Fedora39-VM[\"VM502\"]",
      "mode": "managed",
      "type": "proxmox_vm_qemu",
      "name": "Fedora39-VM",
      "provider": "provider[\"registry.terraform.io/thegameprofi/proxmox\"]",
      "instances": [
        {
          "status": "tainted",
          "schema_version": 0,
          "attributes": {
            "additional_wait": 5,
            "agent": 1,
            "args": "",
            "automatic_reboot": true,
            "balloon": 0,
            "bios": "seabios",
            "boot": "c",
            "bootdisk": "scsi0",
            "bridge": null,
            "ci_wait": null,
            "cicustom": "",
            "cipassword": "jndvasco",
            "ciuser": "jndvasco",
            "clone": "Fedora39-Cloud",
            "clone_wait": 10,
            "cloudinit_cdrom_storage": null,
            "cores": 2,
            "cpu": "host",
            "default_ipv4_address": "10.100.1.52",
            "define_connection_info": true,
            "desc": "Fedora 39 Cloud image template | Cloud init ready",
            "disk": [],
            "disk_gb": null,
            "efidisk": [],
            "force_create": false,
            "force_recreate_on_change_of": null,
            "full_clone": true,
            "guest_agent_ready_timeout": 100,
            "hagroup": "",
            "hastate": "",
            "hostpci": [],
            "hotplug": "network,disk,usb",
            "id": "smt-pve1/qemu/502",
            "ipconfig": [],
            "ipconfig0": "gw=10.100.1.1,ip=10.100.1.52/24",
            "ipconfig1": "",
            "ipconfig10": "",
            "ipconfig11": "",
            "ipconfig12": "",
            "ipconfig13": "",
            "ipconfig14": "",
            "ipconfig15": "",
            "ipconfig2": "",
            "ipconfig3": "",
            "ipconfig4": "",
            "ipconfig5": "",
            "ipconfig6": "",
            "ipconfig7": "",
            "ipconfig8": "",
            "ipconfig9": "",
            "iso": null,
            "kvm": true,
            "mac": null,
            "machine": "",
            "memory": 2048,
            "name": "VM502",
            "nameserver": "",
            "network": [
              {
                "bridge": "vmbr0",
                "firewall": false,
                "link_down": false,
                "macaddr": "54:52:00:10:05:02",
                "model": "virtio",
                "mtu": 0,
                "queues": 0,
                "rate": 0,
                "tag": -1
              }
            ],
            "nic": null,
            "numa": false,
            "onboot": true,
            "oncreate": false,
            "os_network_config": null,
            "os_type": "cloud-init",
            "pool": "",
            "preprovision": true,
            "pxe": null,
            "qemu_os": "l26",
            "reboot_required": false,
            "scsihw": "virtio-scsi-single",
            "searchdomain": "",
            "serial": [],
            "smbios": [
              {
                "family": "",
                "manufacturer": "",
                "product": "",
                "serial": "",
                "sku": "",
                "uuid": "0ba24316-44cb-4437-9970-687fb2be3588",
                "version": ""
              }
            ],
            "sockets": 1,
            "ssh_forward_ip": null,
            "ssh_host": "10.100.1.52",
            "ssh_port": "22",
            "ssh_private_key": null,
            "ssh_user": null,
            "sshkeys": "  ssh-rsa AAAAB3NzaC1yc2EAAAADAQABAAABgQC9kVnJCnneCB1PpkE+lmWwYy9ilMn1F5YuxXHQ5E/0oxrqjF90xeIGmfWJWHBQPHMeySWC3CgotqpsSTxKoK0dndtgwalZQfxcRXNus0344q3uBTiGT2VIfk3dqKQLTf+XyuM6qO1JHe16SQQyMfcpy4QiiwvSWjrwTXixcY5WNISzBLTDsmzgA7IWVKvY3yjT+rMNnrBNlhcR53gK16sayl6jNDzzfJ1xE6W70WN4zNcPmwoG4ydn1qOhGG8x5rR/vx8Kaan4rOfRS/fcx0T5BRtfz3KE5N0VmIEqUGoSlrGnpmuzlcirt5mhVtDMzUh4c2nTVclC/zL5f0BFB4SdQZyayof0N2ZhBKo2m7gXzml1uc+duoypQRQoUhPjOox+6lsFTVu++8hOcjZ4qMrgOc8ARN4cWix/Bb01T9AHZQIeIycrN1ytfMJ4mzOjHFYWxbHY0hjeV3CMBHAxz2YpzplLV6LFBicJoSoPLt54mLWwySJCYvDp8nxpJ8NeL9M= jndvasco@JNDV-PTT\n\n",
            "startup": "",
            "storage": null,
            "storage_type": null,
            "tablet": true,
            "tags": "fedora",
            "target_node": "smt-pve1",
            "target_nodes": null,
            "timeouts": null,
            "unused_disk": [],
            "usb": [],
            "vcpus": 0,
            "vga": [],
            "vlan": -1,
            "vm_state": "running",
            "vmid": 502
          },
          "sensitive_attributes": [],
          "private": "eyJlMmJmYjczMC1lY2FhLTExZTYtOGY4OC0zNDM2M2JjN2M0YzAiOnsiY3JlYXRlIjoxMjAwMDAwMDAwMDAwLCJkZWZhdWx0IjoxMjAwMDAwMDAwMDAwLCJkZWxldGUiOjEyMDAwMDAwMDAwMDAsInJlYWQiOjEyMDAwMDAwMDAwMDAsInVwZGF0ZSI6MTIwMDAwMDAwMDAwMH19",
          "dependencies": [
            "data.hcp_vault_secrets_app.Homelab"
          ]
        }
      ]
    },
    {
      "module": "module.Fedora39-VM[\"VM503\"]",
      "mode": "managed",
      "type": "cloudflare_record",
      "name": "DNS-VM",
      "provider": "provider[\"registry.terraform.io/cloudflare/cloudflare\"]",
      "instances": [
        {
          "schema_version": 2,
          "attributes": {
            "allow_overwrite": false,
            "comment": "",
            "created_on": "2024-01-31T23:50:36.603381Z",
            "data": [],
            "hostname": "vm503.servers.jndvasco.pt",
            "id": "1cfc3935eb6feb615aa54064ea7e7509",
            "metadata": {
              "auto_added": "false",
              "managed_by_apps": "false",
              "managed_by_argo_tunnel": "false",
              "source": "primary"
            },
            "modified_on": "2024-01-31T23:50:36.603381Z",
            "name": "vm503.servers.",
            "priority": null,
            "proxiable": false,
            "proxied": false,
            "tags": null,
            "timeouts": null,
            "ttl": 1,
            "type": "A",
            "value": "10.100.1.53",
            "zone_id": "53f43b28c5239050fd4002b792c6717a"
          },
          "sensitive_attributes": [
            [
              {
                "type": "get_attr",
                "value": "zone_id"
              }
            ]
          ],
          "private": "eyJlMmJmYjczMC1lY2FhLTExZTYtOGY4OC0zNDM2M2JjN2M0YzAiOnsiY3JlYXRlIjozMDAwMDAwMDAwMCwidXBkYXRlIjozMDAwMDAwMDAwMH0sInNjaGVtYV92ZXJzaW9uIjoiMiJ9",
          "dependencies": [
            "data.hcp_vault_secrets_app.Homelab"
          ]
        }
      ]
    },
    {
      "module": "module.Fedora39-VM[\"VM503\"]",
      "mode": "managed",
      "type": "proxmox_vm_qemu",
      "name": "Fedora39-VM",
      "provider": "provider[\"registry.terraform.io/thegameprofi/proxmox\"]",
      "instances": [
        {
          "schema_version": 0,
          "attributes": {
            "additional_wait": 5,
            "agent": 1,
            "args": "",
            "automatic_reboot": true,
            "balloon": 0,
            "bios": "seabios",
            "boot": "c",
            "bootdisk": "scsi0",
            "bridge": null,
            "ci_wait": null,
            "cicustom": "",
            "cipassword": "jndvasco",
            "ciuser": "jndvasco",
            "clone": "Fedora39-Cloud",
            "clone_wait": 10,
            "cloudinit_cdrom_storage": null,
            "cores": 2,
            "cpu": "host",
            "default_ipv4_address": "10.100.1.53",
            "define_connection_info": true,
            "desc": "Fedora 39 Cloud image template | Cloud init ready",
            "disk": [],
            "disk_gb": null,
            "efidisk": [],
            "force_create": false,
            "force_recreate_on_change_of": null,
            "full_clone": true,
            "guest_agent_ready_timeout": 100,
            "hagroup": "",
            "hastate": "",
            "hostpci": [],
            "hotplug": "network,disk,usb",
            "id": "smt-pve2/qemu/503",
            "ipconfig": [],
            "ipconfig0": "gw=10.100.1.1,ip=10.100.1.53/24",
            "ipconfig1": "",
            "ipconfig10": "",
            "ipconfig11": "",
            "ipconfig12": "",
            "ipconfig13": "",
            "ipconfig14": "",
            "ipconfig15": "",
            "ipconfig2": "",
            "ipconfig3": "",
            "ipconfig4": "",
            "ipconfig5": "",
            "ipconfig6": "",
            "ipconfig7": "",
            "ipconfig8": "",
            "ipconfig9": "",
            "iso": null,
            "kvm": true,
            "mac": null,
            "machine": "",
            "memory": 2048,
            "name": "VM503",
            "nameserver": "",
            "network": [
              {
                "bridge": "vmbr0",
                "firewall": false,
                "link_down": false,
                "macaddr": "54:52:00:10:05:03",
                "model": "virtio",
                "mtu": 0,
                "queues": 0,
                "rate": 0,
                "tag": -1
              }
            ],
            "nic": null,
            "numa": false,
            "onboot": true,
            "oncreate": false,
            "os_network_config": null,
            "os_type": "cloud-init",
            "pool": "",
            "preprovision": true,
            "pxe": null,
            "qemu_os": "l26",
            "reboot_required": false,
            "scsihw": "virtio-scsi-single",
            "searchdomain": "",
            "serial": [],
            "smbios": [
              {
                "family": "",
                "manufacturer": "",
                "product": "",
                "serial": "",
                "sku": "",
                "uuid": "9c2ade3e-8e52-4c77-b25c-13dc417197b3",
                "version": ""
              }
            ],
            "sockets": 1,
            "ssh_forward_ip": null,
            "ssh_host": "10.100.1.53",
            "ssh_port": "22",
            "ssh_private_key": null,
            "ssh_user": null,
            "sshkeys": "  ssh-rsa AAAAB3NzaC1yc2EAAAADAQABAAABgQC9kVnJCnneCB1PpkE+lmWwYy9ilMn1F5YuxXHQ5E/0oxrqjF90xeIGmfWJWHBQPHMeySWC3CgotqpsSTxKoK0dndtgwalZQfxcRXNus0344q3uBTiGT2VIfk3dqKQLTf+XyuM6qO1JHe16SQQyMfcpy4QiiwvSWjrwTXixcY5WNISzBLTDsmzgA7IWVKvY3yjT+rMNnrBNlhcR53gK16sayl6jNDzzfJ1xE6W70WN4zNcPmwoG4ydn1qOhGG8x5rR/vx8Kaan4rOfRS/fcx0T5BRtfz3KE5N0VmIEqUGoSlrGnpmuzlcirt5mhVtDMzUh4c2nTVclC/zL5f0BFB4SdQZyayof0N2ZhBKo2m7gXzml1uc+duoypQRQoUhPjOox+6lsFTVu++8hOcjZ4qMrgOc8ARN4cWix/Bb01T9AHZQIeIycrN1ytfMJ4mzOjHFYWxbHY0hjeV3CMBHAxz2YpzplLV6LFBicJoSoPLt54mLWwySJCYvDp8nxpJ8NeL9M= jndvasco@JNDV-PTT\n\n",
            "startup": "",
            "storage": null,
            "storage_type": null,
            "tablet": true,
            "tags": "fedora",
            "target_node": "smt-pve2",
            "target_nodes": null,
            "timeouts": null,
            "unused_disk": [],
            "usb": [],
            "vcpus": 0,
            "vga": [],
            "vlan": -1,
            "vm_state": "running",
            "vmid": 503
          },
          "sensitive_attributes": [],
          "private": "eyJlMmJmYjczMC1lY2FhLTExZTYtOGY4OC0zNDM2M2JjN2M0YzAiOnsiY3JlYXRlIjoxMjAwMDAwMDAwMDAwLCJkZWZhdWx0IjoxMjAwMDAwMDAwMDAwLCJkZWxldGUiOjEyMDAwMDAwMDAwMDAsInJlYWQiOjEyMDAwMDAwMDAwMDAsInVwZGF0ZSI6MTIwMDAwMDAwMDAwMH19",
          "dependencies": [
            "data.hcp_vault_secrets_app.Homelab"
          ]
        }
      ]
    },
    {
      "module": "module.Fedora39-VM[\"VM504\"]",
      "mode": "managed",
      "type": "cloudflare_record",
      "name": "DNS-VM",
      "provider": "provider[\"registry.terraform.io/cloudflare/cloudflare\"]",
      "instances": [
        {
          "schema_version": 2,
          "attributes": {
            "allow_overwrite": false,
            "comment": "",
            "created_on": "2024-01-31T23:50:37.856162Z",
            "data": [],
            "hostname": "vm504.servers.jndvasco.pt",
            "id": "fa81eea55538ee41febb8947650bee48",
            "metadata": {
              "auto_added": "false",
              "managed_by_apps": "false",
              "managed_by_argo_tunnel": "false",
              "source": "primary"
            },
            "modified_on": "2024-01-31T23:50:37.856162Z",
            "name": "vm504.servers.",
            "priority": null,
            "proxiable": false,
            "proxied": false,
            "tags": null,
            "timeouts": null,
            "ttl": 1,
            "type": "A",
            "value": "10.100.1.54",
            "zone_id": "53f43b28c5239050fd4002b792c6717a"
          },
          "sensitive_attributes": [
            [
              {
                "type": "get_attr",
                "value": "zone_id"
              }
            ]
          ],
          "private": "eyJlMmJmYjczMC1lY2FhLTExZTYtOGY4OC0zNDM2M2JjN2M0YzAiOnsiY3JlYXRlIjozMDAwMDAwMDAwMCwidXBkYXRlIjozMDAwMDAwMDAwMH0sInNjaGVtYV92ZXJzaW9uIjoiMiJ9",
          "dependencies": [
            "data.hcp_vault_secrets_app.Homelab"
          ]
        }
      ]
    },
    {
      "module": "module.Fedora39-VM[\"VM504\"]",
      "mode": "managed",
      "type": "proxmox_vm_qemu",
      "name": "Fedora39-VM",
      "provider": "provider[\"registry.terraform.io/thegameprofi/proxmox\"]",
      "instances": [
        {
          "schema_version": 0,
          "attributes": {
            "additional_wait": 5,
            "agent": 1,
            "args": "",
            "automatic_reboot": true,
            "balloon": 0,
            "bios": "seabios",
            "boot": "c",
            "bootdisk": "scsi0",
            "bridge": null,
            "ci_wait": null,
            "cicustom": "",
            "cipassword": "jndvasco",
            "ciuser": "jndvasco",
            "clone": "Fedora39-Cloud",
            "clone_wait": 10,
            "cloudinit_cdrom_storage": null,
            "cores": 2,
            "cpu": "host",
            "default_ipv4_address": "10.100.1.54",
            "define_connection_info": true,
            "desc": "Fedora 39 Cloud image template | Cloud init ready",
            "disk": [],
            "disk_gb": null,
            "efidisk": [],
            "force_create": false,
            "force_recreate_on_change_of": null,
            "full_clone": true,
            "guest_agent_ready_timeout": 100,
            "hagroup": "",
            "hastate": "",
            "hostpci": [],
            "hotplug": "network,disk,usb",
            "id": "smt-pve2/qemu/504",
            "ipconfig": [],
            "ipconfig0": "gw=10.100.1.1,ip=10.100.1.54/24",
            "ipconfig1": "",
            "ipconfig10": "",
            "ipconfig11": "",
            "ipconfig12": "",
            "ipconfig13": "",
            "ipconfig14": "",
            "ipconfig15": "",
            "ipconfig2": "",
            "ipconfig3": "",
            "ipconfig4": "",
            "ipconfig5": "",
            "ipconfig6": "",
            "ipconfig7": "",
            "ipconfig8": "",
            "ipconfig9": "",
            "iso": null,
            "kvm": true,
            "mac": null,
            "machine": "",
            "memory": 2048,
            "name": "VM504",
            "nameserver": "",
            "network": [
              {
                "bridge": "vmbr0",
                "firewall": false,
                "link_down": false,
                "macaddr": "54:52:00:10:05:04",
                "model": "virtio",
                "mtu": 0,
                "queues": 0,
                "rate": 0,
                "tag": -1
              }
            ],
            "nic": null,
            "numa": false,
            "onboot": true,
            "oncreate": false,
            "os_network_config": null,
            "os_type": "cloud-init",
            "pool": "",
            "preprovision": true,
            "pxe": null,
            "qemu_os": "l26",
            "reboot_required": false,
            "scsihw": "virtio-scsi-single",
            "searchdomain": "",
            "serial": [],
            "smbios": [
              {
                "family": "",
                "manufacturer": "",
                "product": "",
                "serial": "",
                "sku": "",
                "uuid": "707c68a2-98c9-4235-b25e-c2852588aa35",
                "version": ""
              }
            ],
            "sockets": 1,
            "ssh_forward_ip": null,
            "ssh_host": "10.100.1.54",
            "ssh_port": "22",
            "ssh_private_key": null,
            "ssh_user": null,
            "sshkeys": "  ssh-rsa AAAAB3NzaC1yc2EAAAADAQABAAABgQC9kVnJCnneCB1PpkE+lmWwYy9ilMn1F5YuxXHQ5E/0oxrqjF90xeIGmfWJWHBQPHMeySWC3CgotqpsSTxKoK0dndtgwalZQfxcRXNus0344q3uBTiGT2VIfk3dqKQLTf+XyuM6qO1JHe16SQQyMfcpy4QiiwvSWjrwTXixcY5WNISzBLTDsmzgA7IWVKvY3yjT+rMNnrBNlhcR53gK16sayl6jNDzzfJ1xE6W70WN4zNcPmwoG4ydn1qOhGG8x5rR/vx8Kaan4rOfRS/fcx0T5BRtfz3KE5N0VmIEqUGoSlrGnpmuzlcirt5mhVtDMzUh4c2nTVclC/zL5f0BFB4SdQZyayof0N2ZhBKo2m7gXzml1uc+duoypQRQoUhPjOox+6lsFTVu++8hOcjZ4qMrgOc8ARN4cWix/Bb01T9AHZQIeIycrN1ytfMJ4mzOjHFYWxbHY0hjeV3CMBHAxz2YpzplLV6LFBicJoSoPLt54mLWwySJCYvDp8nxpJ8NeL9M= jndvasco@JNDV-PTT\n\n",
            "startup": "",
            "storage": null,
            "storage_type": null,
            "tablet": true,
            "tags": "fedora",
            "target_node": "smt-pve2",
            "target_nodes": null,
            "timeouts": null,
            "unused_disk": [],
            "usb": [],
            "vcpus": 0,
            "vga": [],
            "vlan": -1,
            "vm_state": "running",
            "vmid": 504
          },
          "sensitive_attributes": [],
          "private": "eyJlMmJmYjczMC1lY2FhLTExZTYtOGY4OC0zNDM2M2JjN2M0YzAiOnsiY3JlYXRlIjoxMjAwMDAwMDAwMDAwLCJkZWZhdWx0IjoxMjAwMDAwMDAwMDAwLCJkZWxldGUiOjEyMDAwMDAwMDAwMDAsInJlYWQiOjEyMDAwMDAwMDAwMDAsInVwZGF0ZSI6MTIwMDAwMDAwMDAwMH19",
          "dependencies": [
            "data.hcp_vault_secrets_app.Homelab"
          ]
        }
      ]
    },
    {
      "module": "module.Fedora39-VM[\"VM505\"]",
      "mode": "managed",
      "type": "cloudflare_record",
      "name": "DNS-VM",
      "provider": "provider[\"registry.terraform.io/cloudflare/cloudflare\"]",
      "instances": [
        {
          "schema_version": 2,
          "attributes": {
            "allow_overwrite": false,
            "comment": "",
            "created_on": "2024-01-31T23:50:38.114031Z",
            "data": [],
            "hostname": "vm505.servers.jndvasco.pt",
            "id": "62796cbdf35aa510d4245d090d295062",
            "metadata": {
              "auto_added": "false",
              "managed_by_apps": "false",
              "managed_by_argo_tunnel": "false",
              "source": "primary"
            },
            "modified_on": "2024-01-31T23:50:38.114031Z",
            "name": "vm505.servers.",
            "priority": null,
            "proxiable": false,
            "proxied": false,
            "tags": null,
            "timeouts": null,
            "ttl": 1,
            "type": "A",
            "value": "10.100.1.55",
            "zone_id": "53f43b28c5239050fd4002b792c6717a"
          },
          "sensitive_attributes": [
            [
              {
                "type": "get_attr",
                "value": "zone_id"
              }
            ]
          ],
          "private": "eyJlMmJmYjczMC1lY2FhLTExZTYtOGY4OC0zNDM2M2JjN2M0YzAiOnsiY3JlYXRlIjozMDAwMDAwMDAwMCwidXBkYXRlIjozMDAwMDAwMDAwMH0sInNjaGVtYV92ZXJzaW9uIjoiMiJ9",
          "dependencies": [
            "data.hcp_vault_secrets_app.Homelab"
          ]
        }
      ]
    },
    {
      "module": "module.Fedora39-VM[\"VM505\"]",
      "mode": "managed",
      "type": "proxmox_vm_qemu",
      "name": "Fedora39-VM",
      "provider": "provider[\"registry.terraform.io/thegameprofi/proxmox\"]",
      "instances": [
        {
          "schema_version": 0,
          "attributes": {
            "additional_wait": 5,
            "agent": 1,
            "args": "",
            "automatic_reboot": true,
            "balloon": 0,
            "bios": "seabios",
            "boot": "c",
            "bootdisk": "scsi0",
            "bridge": null,
            "ci_wait": null,
            "cicustom": "",
            "cipassword": "jndvasco",
            "ciuser": "jndvasco",
            "clone": "Fedora39-Cloud",
            "clone_wait": 10,
            "cloudinit_cdrom_storage": null,
            "cores": 2,
            "cpu": "host",
            "default_ipv4_address": "10.100.1.55",
            "define_connection_info": true,
            "desc": "Fedora 39 Cloud image template | Cloud init ready",
            "disk": [],
            "disk_gb": null,
            "efidisk": [],
            "force_create": false,
            "force_recreate_on_change_of": null,
            "full_clone": true,
            "guest_agent_ready_timeout": 100,
            "hagroup": "",
            "hastate": "",
            "hostpci": [],
            "hotplug": "network,disk,usb",
            "id": "smt-pve2/qemu/505",
            "ipconfig": [],
            "ipconfig0": "gw=10.100.1.1,ip=10.100.1.55/24",
            "ipconfig1": "",
            "ipconfig10": "",
            "ipconfig11": "",
            "ipconfig12": "",
            "ipconfig13": "",
            "ipconfig14": "",
            "ipconfig15": "",
            "ipconfig2": "",
            "ipconfig3": "",
            "ipconfig4": "",
            "ipconfig5": "",
            "ipconfig6": "",
            "ipconfig7": "",
            "ipconfig8": "",
            "ipconfig9": "",
            "iso": null,
            "kvm": true,
            "mac": null,
            "machine": "",
            "memory": 2048,
            "name": "VM505",
            "nameserver": "",
            "network": [
              {
                "bridge": "vmbr0",
                "firewall": false,
                "link_down": false,
                "macaddr": "54:52:00:10:05:05",
                "model": "virtio",
                "mtu": 0,
                "queues": 0,
                "rate": 0,
                "tag": -1
              }
            ],
            "nic": null,
            "numa": false,
            "onboot": true,
            "oncreate": false,
            "os_network_config": null,
            "os_type": "cloud-init",
            "pool": "",
            "preprovision": true,
            "pxe": null,
            "qemu_os": "l26",
            "reboot_required": false,
            "scsihw": "virtio-scsi-single",
            "searchdomain": "",
            "serial": [],
            "smbios": [
              {
                "family": "",
                "manufacturer": "",
                "product": "",
                "serial": "",
                "sku": "",
                "uuid": "c20d6a85-82d1-44ef-bdfc-759d2f62037f",
                "version": ""
              }
            ],
            "sockets": 1,
            "ssh_forward_ip": null,
            "ssh_host": "10.100.1.55",
            "ssh_port": "22",
            "ssh_private_key": null,
            "ssh_user": null,
            "sshkeys": "  ssh-rsa AAAAB3NzaC1yc2EAAAADAQABAAABgQC9kVnJCnneCB1PpkE+lmWwYy9ilMn1F5YuxXHQ5E/0oxrqjF90xeIGmfWJWHBQPHMeySWC3CgotqpsSTxKoK0dndtgwalZQfxcRXNus0344q3uBTiGT2VIfk3dqKQLTf+XyuM6qO1JHe16SQQyMfcpy4QiiwvSWjrwTXixcY5WNISzBLTDsmzgA7IWVKvY3yjT+rMNnrBNlhcR53gK16sayl6jNDzzfJ1xE6W70WN4zNcPmwoG4ydn1qOhGG8x5rR/vx8Kaan4rOfRS/fcx0T5BRtfz3KE5N0VmIEqUGoSlrGnpmuzlcirt5mhVtDMzUh4c2nTVclC/zL5f0BFB4SdQZyayof0N2ZhBKo2m7gXzml1uc+duoypQRQoUhPjOox+6lsFTVu++8hOcjZ4qMrgOc8ARN4cWix/Bb01T9AHZQIeIycrN1ytfMJ4mzOjHFYWxbHY0hjeV3CMBHAxz2YpzplLV6LFBicJoSoPLt54mLWwySJCYvDp8nxpJ8NeL9M= jndvasco@JNDV-PTT\n\n",
            "startup": "",
            "storage": null,
            "storage_type": null,
            "tablet": true,
            "tags": "fedora",
            "target_node": "smt-pve2",
            "target_nodes": null,
            "timeouts": null,
            "unused_disk": [],
            "usb": [],
            "vcpus": 0,
            "vga": [],
            "vlan": -1,
            "vm_state": "running",
            "vmid": 505
          },
          "sensitive_attributes": [],
          "private": "eyJlMmJmYjczMC1lY2FhLTExZTYtOGY4OC0zNDM2M2JjN2M0YzAiOnsiY3JlYXRlIjoxMjAwMDAwMDAwMDAwLCJkZWZhdWx0IjoxMjAwMDAwMDAwMDAwLCJkZWxldGUiOjEyMDAwMDAwMDAwMDAsInJlYWQiOjEyMDAwMDAwMDAwMDAsInVwZGF0ZSI6MTIwMDAwMDAwMDAwMH19",
          "dependencies": [
            "data.hcp_vault_secrets_app.Homelab"
          ]
        }
      ]
    },
    {
      "module": "module.Fedora39-VM[\"VM506\"]",
      "mode": "managed",
      "type": "cloudflare_record",
      "name": "DNS-VM",
      "provider": "provider[\"registry.terraform.io/cloudflare/cloudflare\"]",
      "instances": [
        {
          "schema_version": 2,
          "attributes": {
            "allow_overwrite": false,
            "comment": "",
            "created_on": "2024-01-31T23:50:42.130258Z",
            "data": [],
            "hostname": "vm506.servers.jndvasco.pt",
            "id": "851029159d720aadb69d28ceead34266",
            "metadata": {
              "auto_added": "false",
              "managed_by_apps": "false",
              "managed_by_argo_tunnel": "false",
              "source": "primary"
            },
            "modified_on": "2024-01-31T23:50:42.130258Z",
            "name": "vm506.servers.",
            "priority": null,
            "proxiable": false,
            "proxied": false,
            "tags": null,
            "timeouts": null,
            "ttl": 1,
            "type": "A",
            "value": "10.100.1.56",
            "zone_id": "53f43b28c5239050fd4002b792c6717a"
          },
          "sensitive_attributes": [
            [
              {
                "type": "get_attr",
                "value": "zone_id"
              }
            ]
          ],
          "private": "eyJlMmJmYjczMC1lY2FhLTExZTYtOGY4OC0zNDM2M2JjN2M0YzAiOnsiY3JlYXRlIjozMDAwMDAwMDAwMCwidXBkYXRlIjozMDAwMDAwMDAwMH0sInNjaGVtYV92ZXJzaW9uIjoiMiJ9",
          "dependencies": [
            "data.hcp_vault_secrets_app.Homelab"
          ]
        }
      ]
    },
    {
      "module": "module.Fedora39-VM[\"VM506\"]",
      "mode": "managed",
      "type": "proxmox_vm_qemu",
      "name": "Fedora39-VM",
      "provider": "provider[\"registry.terraform.io/thegameprofi/proxmox\"]",
      "instances": [
        {
          "schema_version": 0,
          "attributes": {
            "additional_wait": 5,
            "agent": 1,
            "args": "",
            "automatic_reboot": true,
            "balloon": 0,
            "bios": "seabios",
            "boot": "c",
            "bootdisk": "scsi0",
            "bridge": null,
            "ci_wait": null,
            "cicustom": "",
            "cipassword": "jndvasco",
            "ciuser": "jndvasco",
            "clone": "Fedora39-Cloud",
            "clone_wait": 10,
            "cloudinit_cdrom_storage": null,
            "cores": 2,
            "cpu": "host",
            "default_ipv4_address": "10.100.1.56",
            "define_connection_info": true,
            "desc": "Fedora 39 Cloud image template | Cloud init ready",
            "disk": [],
            "disk_gb": null,
            "efidisk": [],
            "force_create": false,
            "force_recreate_on_change_of": null,
            "full_clone": true,
            "guest_agent_ready_timeout": 100,
            "hagroup": "",
            "hastate": "",
            "hostpci": [],
            "hotplug": "network,disk,usb",
            "id": "smt-pve3/qemu/506",
            "ipconfig": [],
            "ipconfig0": "gw=10.100.1.1,ip=10.100.1.56/24",
            "ipconfig1": "",
            "ipconfig10": "",
            "ipconfig11": "",
            "ipconfig12": "",
            "ipconfig13": "",
            "ipconfig14": "",
            "ipconfig15": "",
            "ipconfig2": "",
            "ipconfig3": "",
            "ipconfig4": "",
            "ipconfig5": "",
            "ipconfig6": "",
            "ipconfig7": "",
            "ipconfig8": "",
            "ipconfig9": "",
            "iso": null,
            "kvm": true,
            "mac": null,
            "machine": "",
            "memory": 2048,
            "name": "VM506",
            "nameserver": "",
            "network": [
              {
                "bridge": "vmbr0",
                "firewall": false,
                "link_down": false,
                "macaddr": "54:52:00:10:05:06",
                "model": "virtio",
                "mtu": 0,
                "queues": 0,
                "rate": 0,
                "tag": -1
              }
            ],
            "nic": null,
            "numa": false,
            "onboot": true,
            "oncreate": false,
            "os_network_config": null,
            "os_type": "cloud-init",
            "pool": "",
            "preprovision": true,
            "pxe": null,
            "qemu_os": "l26",
            "reboot_required": false,
            "scsihw": "virtio-scsi-single",
            "searchdomain": "",
            "serial": [],
            "smbios": [
              {
                "family": "",
                "manufacturer": "",
                "product": "",
                "serial": "",
                "sku": "",
                "uuid": "50b5b05b-1d6b-4979-b32a-0eadacc3ee10",
                "version": ""
              }
            ],
            "sockets": 1,
            "ssh_forward_ip": null,
            "ssh_host": "10.100.1.56",
            "ssh_port": "22",
            "ssh_private_key": null,
            "ssh_user": null,
            "sshkeys": "  ssh-rsa AAAAB3NzaC1yc2EAAAADAQABAAABgQC9kVnJCnneCB1PpkE+lmWwYy9ilMn1F5YuxXHQ5E/0oxrqjF90xeIGmfWJWHBQPHMeySWC3CgotqpsSTxKoK0dndtgwalZQfxcRXNus0344q3uBTiGT2VIfk3dqKQLTf+XyuM6qO1JHe16SQQyMfcpy4QiiwvSWjrwTXixcY5WNISzBLTDsmzgA7IWVKvY3yjT+rMNnrBNlhcR53gK16sayl6jNDzzfJ1xE6W70WN4zNcPmwoG4ydn1qOhGG8x5rR/vx8Kaan4rOfRS/fcx0T5BRtfz3KE5N0VmIEqUGoSlrGnpmuzlcirt5mhVtDMzUh4c2nTVclC/zL5f0BFB4SdQZyayof0N2ZhBKo2m7gXzml1uc+duoypQRQoUhPjOox+6lsFTVu++8hOcjZ4qMrgOc8ARN4cWix/Bb01T9AHZQIeIycrN1ytfMJ4mzOjHFYWxbHY0hjeV3CMBHAxz2YpzplLV6LFBicJoSoPLt54mLWwySJCYvDp8nxpJ8NeL9M= jndvasco@JNDV-PTT\n\n",
            "startup": "",
            "storage": null,
            "storage_type": null,
            "tablet": true,
            "tags": "fedora",
            "target_node": "smt-pve3",
            "target_nodes": null,
            "timeouts": null,
            "unused_disk": [],
            "usb": [],
            "vcpus": 0,
            "vga": [],
            "vlan": -1,
            "vm_state": "running",
            "vmid": 506
          },
          "sensitive_attributes": [],
          "private": "eyJlMmJmYjczMC1lY2FhLTExZTYtOGY4OC0zNDM2M2JjN2M0YzAiOnsiY3JlYXRlIjoxMjAwMDAwMDAwMDAwLCJkZWZhdWx0IjoxMjAwMDAwMDAwMDAwLCJkZWxldGUiOjEyMDAwMDAwMDAwMDAsInJlYWQiOjEyMDAwMDAwMDAwMDAsInVwZGF0ZSI6MTIwMDAwMDAwMDAwMH19",
          "dependencies": [
            "data.hcp_vault_secrets_app.Homelab"
          ]
        }
      ]
    },
    {
      "module": "module.Fedora39-VM[\"VM507\"]",
      "mode": "managed",
      "type": "cloudflare_record",
      "name": "DNS-VM",
      "provider": "provider[\"registry.terraform.io/cloudflare/cloudflare\"]",
      "instances": [
        {
          "schema_version": 2,
          "attributes": {
            "allow_overwrite": false,
            "comment": "",
            "created_on": "2024-01-31T23:50:41.083475Z",
            "data": [],
            "hostname": "vm507.servers.jndvasco.pt",
            "id": "3bca3a5e5be5d35713f4aa59cf8be232",
            "metadata": {
              "auto_added": "false",
              "managed_by_apps": "false",
              "managed_by_argo_tunnel": "false",
              "source": "primary"
            },
            "modified_on": "2024-01-31T23:50:41.083475Z",
            "name": "vm507.servers.",
            "priority": null,
            "proxiable": false,
            "proxied": false,
            "tags": null,
            "timeouts": null,
            "ttl": 1,
            "type": "A",
            "value": "10.100.1.57",
            "zone_id": "53f43b28c5239050fd4002b792c6717a"
          },
          "sensitive_attributes": [
            [
              {
                "type": "get_attr",
                "value": "zone_id"
              }
            ]
          ],
          "private": "eyJlMmJmYjczMC1lY2FhLTExZTYtOGY4OC0zNDM2M2JjN2M0YzAiOnsiY3JlYXRlIjozMDAwMDAwMDAwMCwidXBkYXRlIjozMDAwMDAwMDAwMH0sInNjaGVtYV92ZXJzaW9uIjoiMiJ9",
          "dependencies": [
            "data.hcp_vault_secrets_app.Homelab"
          ]
        }
      ]
    },
    {
      "module": "module.Fedora39-VM[\"VM507\"]",
      "mode": "managed",
      "type": "proxmox_vm_qemu",
      "name": "Fedora39-VM",
      "provider": "provider[\"registry.terraform.io/thegameprofi/proxmox\"]",
      "instances": [
        {
          "schema_version": 0,
          "attributes": {
            "additional_wait": 5,
            "agent": 1,
            "args": "",
            "automatic_reboot": true,
            "balloon": 0,
            "bios": "seabios",
            "boot": "c",
            "bootdisk": "scsi0",
            "bridge": null,
            "ci_wait": null,
            "cicustom": "",
            "cipassword": "jndvasco",
            "ciuser": "jndvasco",
            "clone": "Fedora39-Cloud",
            "clone_wait": 10,
            "cloudinit_cdrom_storage": null,
            "cores": 2,
            "cpu": "host",
            "default_ipv4_address": "10.100.1.57",
            "define_connection_info": true,
            "desc": "Fedora 39 Cloud image template | Cloud init ready",
            "disk": [],
            "disk_gb": null,
            "efidisk": [],
            "force_create": false,
            "force_recreate_on_change_of": null,
            "full_clone": true,
            "guest_agent_ready_timeout": 100,
            "hagroup": "",
            "hastate": "",
            "hostpci": [],
            "hotplug": "network,disk,usb",
            "id": "smt-pve3/qemu/507",
            "ipconfig": [],
            "ipconfig0": "gw=10.100.1.1,ip=10.100.1.57/24",
            "ipconfig1": "",
            "ipconfig10": "",
            "ipconfig11": "",
            "ipconfig12": "",
            "ipconfig13": "",
            "ipconfig14": "",
            "ipconfig15": "",
            "ipconfig2": "",
            "ipconfig3": "",
            "ipconfig4": "",
            "ipconfig5": "",
            "ipconfig6": "",
            "ipconfig7": "",
            "ipconfig8": "",
            "ipconfig9": "",
            "iso": null,
            "kvm": true,
            "mac": null,
            "machine": "",
            "memory": 2048,
            "name": "VM507",
            "nameserver": "",
            "network": [
              {
                "bridge": "vmbr0",
                "firewall": false,
                "link_down": false,
                "macaddr": "54:52:00:10:05:07",
                "model": "virtio",
                "mtu": 0,
                "queues": 0,
                "rate": 0,
                "tag": -1
              }
            ],
            "nic": null,
            "numa": false,
            "onboot": true,
            "oncreate": false,
            "os_network_config": null,
            "os_type": "cloud-init",
            "pool": "",
            "preprovision": true,
            "pxe": null,
            "qemu_os": "l26",
            "reboot_required": false,
            "scsihw": "virtio-scsi-single",
            "searchdomain": "",
            "serial": [],
            "smbios": [
              {
                "family": "",
                "manufacturer": "",
                "product": "",
                "serial": "",
                "sku": "",
                "uuid": "2b0e3dd0-a7b2-4121-8d8c-796df3934b7d",
                "version": ""
              }
            ],
            "sockets": 1,
            "ssh_forward_ip": null,
            "ssh_host": "10.100.1.57",
            "ssh_port": "22",
            "ssh_private_key": null,
            "ssh_user": null,
            "sshkeys": "  ssh-rsa AAAAB3NzaC1yc2EAAAADAQABAAABgQC9kVnJCnneCB1PpkE+lmWwYy9ilMn1F5YuxXHQ5E/0oxrqjF90xeIGmfWJWHBQPHMeySWC3CgotqpsSTxKoK0dndtgwalZQfxcRXNus0344q3uBTiGT2VIfk3dqKQLTf+XyuM6qO1JHe16SQQyMfcpy4QiiwvSWjrwTXixcY5WNISzBLTDsmzgA7IWVKvY3yjT+rMNnrBNlhcR53gK16sayl6jNDzzfJ1xE6W70WN4zNcPmwoG4ydn1qOhGG8x5rR/vx8Kaan4rOfRS/fcx0T5BRtfz3KE5N0VmIEqUGoSlrGnpmuzlcirt5mhVtDMzUh4c2nTVclC/zL5f0BFB4SdQZyayof0N2ZhBKo2m7gXzml1uc+duoypQRQoUhPjOox+6lsFTVu++8hOcjZ4qMrgOc8ARN4cWix/Bb01T9AHZQIeIycrN1ytfMJ4mzOjHFYWxbHY0hjeV3CMBHAxz2YpzplLV6LFBicJoSoPLt54mLWwySJCYvDp8nxpJ8NeL9M= jndvasco@JNDV-PTT\n\n",
            "startup": "",
            "storage": null,
            "storage_type": null,
            "tablet": true,
            "tags": "fedora",
            "target_node": "smt-pve3",
            "target_nodes": null,
            "timeouts": null,
            "unused_disk": [],
            "usb": [],
            "vcpus": 0,
            "vga": [],
            "vlan": -1,
            "vm_state": "running",
            "vmid": 507
          },
          "sensitive_attributes": [],
          "private": "eyJlMmJmYjczMC1lY2FhLTExZTYtOGY4OC0zNDM2M2JjN2M0YzAiOnsiY3JlYXRlIjoxMjAwMDAwMDAwMDAwLCJkZWZhdWx0IjoxMjAwMDAwMDAwMDAwLCJkZWxldGUiOjEyMDAwMDAwMDAwMDAsInJlYWQiOjEyMDAwMDAwMDAwMDAsInVwZGF0ZSI6MTIwMDAwMDAwMDAwMH19",
          "dependencies": [
            "data.hcp_vault_secrets_app.Homelab"
          ]
        }
      ]
    },
    {
      "module": "module.Fedora39-VM[\"VM508\"]",
      "mode": "managed",
      "type": "cloudflare_record",
      "name": "DNS-VM",
      "provider": "provider[\"registry.terraform.io/cloudflare/cloudflare\"]",
      "instances": [
        {
          "schema_version": 2,
          "attributes": {
            "allow_overwrite": false,
            "comment": "",
            "created_on": "2024-01-31T23:50:37.358319Z",
            "data": [],
            "hostname": "vm508.servers.jndvasco.pt",
            "id": "d45d51467155fb47a808dd3ba67faac2",
            "metadata": {
              "auto_added": "false",
              "managed_by_apps": "false",
              "managed_by_argo_tunnel": "false",
              "source": "primary"
            },
            "modified_on": "2024-01-31T23:50:37.358319Z",
            "name": "vm508.servers.",
            "priority": null,
            "proxiable": false,
            "proxied": false,
            "tags": null,
            "timeouts": null,
            "ttl": 1,
            "type": "A",
            "value": "10.100.1.58",
            "zone_id": "53f43b28c5239050fd4002b792c6717a"
          },
          "sensitive_attributes": [
            [
              {
                "type": "get_attr",
                "value": "zone_id"
              }
            ]
          ],
          "private": "eyJlMmJmYjczMC1lY2FhLTExZTYtOGY4OC0zNDM2M2JjN2M0YzAiOnsiY3JlYXRlIjozMDAwMDAwMDAwMCwidXBkYXRlIjozMDAwMDAwMDAwMH0sInNjaGVtYV92ZXJzaW9uIjoiMiJ9",
          "dependencies": [
            "data.hcp_vault_secrets_app.Homelab"
          ]
        }
      ]
    },
    {
      "module": "module.Fedora39-VM[\"VM508\"]",
      "mode": "managed",
      "type": "proxmox_vm_qemu",
      "name": "Fedora39-VM",
      "provider": "provider[\"registry.terraform.io/thegameprofi/proxmox\"]",
      "instances": [
        {
          "schema_version": 0,
          "attributes": {
            "additional_wait": 5,
            "agent": 1,
            "args": "",
            "automatic_reboot": true,
            "balloon": 0,
            "bios": "seabios",
            "boot": "c",
            "bootdisk": "scsi0",
            "bridge": null,
            "ci_wait": null,
            "cicustom": "",
            "cipassword": "jndvasco",
            "ciuser": "jndvasco",
            "clone": "Fedora39-Cloud",
            "clone_wait": 10,
            "cloudinit_cdrom_storage": null,
            "cores": 2,
            "cpu": "host",
            "default_ipv4_address": "10.100.1.58",
            "define_connection_info": true,
            "desc": "Fedora 39 Cloud image template | Cloud init ready",
            "disk": [],
            "disk_gb": null,
            "efidisk": [],
            "force_create": false,
            "force_recreate_on_change_of": null,
            "full_clone": true,
            "guest_agent_ready_timeout": 100,
            "hagroup": "",
            "hastate": "",
            "hostpci": [],
            "hotplug": "network,disk,usb",
            "id": "smt-pve3/qemu/508",
            "ipconfig": [],
            "ipconfig0": "gw=10.100.1.1,ip=10.100.1.58/24",
            "ipconfig1": "",
            "ipconfig10": "",
            "ipconfig11": "",
            "ipconfig12": "",
            "ipconfig13": "",
            "ipconfig14": "",
            "ipconfig15": "",
            "ipconfig2": "",
            "ipconfig3": "",
            "ipconfig4": "",
            "ipconfig5": "",
            "ipconfig6": "",
            "ipconfig7": "",
            "ipconfig8": "",
            "ipconfig9": "",
            "iso": null,
            "kvm": true,
            "mac": null,
            "machine": "",
            "memory": 2048,
            "name": "VM508",
            "nameserver": "",
            "network": [
              {
                "bridge": "vmbr0",
                "firewall": false,
                "link_down": false,
                "macaddr": "54:52:00:10:05:08",
                "model": "virtio",
                "mtu": 0,
                "queues": 0,
                "rate": 0,
                "tag": -1
              }
            ],
            "nic": null,
            "numa": false,
            "onboot": true,
            "oncreate": false,
            "os_network_config": null,
            "os_type": "cloud-init",
            "pool": "",
            "preprovision": true,
            "pxe": null,
            "qemu_os": "l26",
            "reboot_required": false,
            "scsihw": "virtio-scsi-single",
            "searchdomain": "",
            "serial": [],
            "smbios": [
              {
                "family": "",
                "manufacturer": "",
                "product": "",
                "serial": "",
                "sku": "",
                "uuid": "73cbb6e3-89eb-45bf-84fa-8406ea216998",
                "version": ""
              }
            ],
            "sockets": 1,
            "ssh_forward_ip": null,
            "ssh_host": "10.100.1.58",
            "ssh_port": "22",
            "ssh_private_key": null,
            "ssh_user": null,
            "sshkeys": "  ssh-rsa AAAAB3NzaC1yc2EAAAADAQABAAABgQC9kVnJCnneCB1PpkE+lmWwYy9ilMn1F5YuxXHQ5E/0oxrqjF90xeIGmfWJWHBQPHMeySWC3CgotqpsSTxKoK0dndtgwalZQfxcRXNus0344q3uBTiGT2VIfk3dqKQLTf+XyuM6qO1JHe16SQQyMfcpy4QiiwvSWjrwTXixcY5WNISzBLTDsmzgA7IWVKvY3yjT+rMNnrBNlhcR53gK16sayl6jNDzzfJ1xE6W70WN4zNcPmwoG4ydn1qOhGG8x5rR/vx8Kaan4rOfRS/fcx0T5BRtfz3KE5N0VmIEqUGoSlrGnpmuzlcirt5mhVtDMzUh4c2nTVclC/zL5f0BFB4SdQZyayof0N2ZhBKo2m7gXzml1uc+duoypQRQoUhPjOox+6lsFTVu++8hOcjZ4qMrgOc8ARN4cWix/Bb01T9AHZQIeIycrN1ytfMJ4mzOjHFYWxbHY0hjeV3CMBHAxz2YpzplLV6LFBicJoSoPLt54mLWwySJCYvDp8nxpJ8NeL9M= jndvasco@JNDV-PTT\n\n",
            "startup": "",
            "storage": null,
            "storage_type": null,
            "tablet": true,
            "tags": "fedora",
            "target_node": "smt-pve3",
            "target_nodes": null,
            "timeouts": null,
            "unused_disk": [],
            "usb": [],
            "vcpus": 0,
            "vga": [],
            "vlan": -1,
            "vm_state": "running",
            "vmid": 508
          },
          "sensitive_attributes": [],
          "private": "eyJlMmJmYjczMC1lY2FhLTExZTYtOGY4OC0zNDM2M2JjN2M0YzAiOnsiY3JlYXRlIjoxMjAwMDAwMDAwMDAwLCJkZWZhdWx0IjoxMjAwMDAwMDAwMDAwLCJkZWxldGUiOjEyMDAwMDAwMDAwMDAsInJlYWQiOjEyMDAwMDAwMDAwMDAsInVwZGF0ZSI6MTIwMDAwMDAwMDAwMH19",
          "dependencies": [
            "data.hcp_vault_secrets_app.Homelab"
          ]
        }
      ]
    }
  ],
  "check_results": []
}
