{
  "version": 4,
  "terraform_version": "1.3.3",
  "serial": 123,
  "lineage": "019da478-1f3a-a251-e05a-ee036690bd0b",
  "outputs": {},
  "resources": [
    {
      "mode": "data",
      "type": "hcp_vault_secrets_app",
      "name": "Homelab",
      "provider": "provider[\"registry.terraform.io/hashicorp/hcp\"]",
      "instances": [
        {
          "schema_version": 0,
          "attributes": {
            "app_name": "Homelab",
            "id": "Homelab",
            "organization_id": "b4de0a7b-ac76-405b-ac32-9543ce8ecdd2",
            "project_id": "deaad29a-375c-407e-94ff-b73359c769b6",
            "secrets": {
              "CF_API_TOKEN": "4Okde0GENVYQisGTXNTKncMSdfvUpgZ0syoU7MTq",
              "CF_ZONE_ID": "53f43b28c5239050fd4002b792c6717a",
              "HL_CTC_PVE1_TOKEN": "c4d544f3-cc48-4a82-960d-24ee0de95388",
              "HL_SMT_PVE1_TOKEN": "6c313fdd-1fe1-43b0-b7e9-8f7d57ba7161",
              "HL_SMT_PVE2_TOKEN": "e11d23c6-b4bf-4b2a-b855-e40cddc99e0a",
              "VM_PASSWORD": "jndvasco"
            }
          },
          "sensitive_attributes": []
        }
      ]
    },
    {
      "module": "module.Fedora39-VM[\"SMT-vDocker1\"]",
      "mode": "managed",
      "type": "cloudflare_record",
      "name": "DNS-VM",
      "provider": "provider[\"registry.terraform.io/cloudflare/cloudflare\"]",
      "instances": [
        {
          "schema_version": 2,
          "attributes": {
            "allow_overwrite": false,
            "comment": "",
            "created_on": "2024-02-02T23:49:29.061301Z",
            "data": [],
            "hostname": "smt-vdocker1.servers.jndvasco.pt",
            "id": "1c53adfdcf5cbce2de28b4053c4dfd12",
            "metadata": {
              "auto_added": "false",
              "managed_by_apps": "false",
              "managed_by_argo_tunnel": "false",
              "source": "primary"
            },
            "modified_on": "2024-02-02T23:49:29.061301Z",
            "name": "smt-vdocker1.servers.",
            "priority": null,
            "proxiable": false,
            "proxied": false,
            "tags": null,
            "timeouts": null,
            "ttl": 1,
            "type": "A",
            "value": "10.100.1.32",
            "zone_id": "53f43b28c5239050fd4002b792c6717a"
          },
          "sensitive_attributes": [
            [
              {
                "type": "get_attr",
                "value": "zone_id"
              }
            ]
          ],
          "private": "eyJlMmJmYjczMC1lY2FhLTExZTYtOGY4OC0zNDM2M2JjN2M0YzAiOnsiY3JlYXRlIjozMDAwMDAwMDAwMCwidXBkYXRlIjozMDAwMDAwMDAwMH0sInNjaGVtYV92ZXJzaW9uIjoiMiJ9",
          "dependencies": [
            "data.hcp_vault_secrets_app.Homelab"
          ]
        }
      ]
    },
    {
      "module": "module.Fedora39-VM[\"SMT-vDocker1\"]",
      "mode": "managed",
      "type": "proxmox_vm_qemu",
      "name": "Fedora39-VM",
      "provider": "provider[\"registry.terraform.io/thegameprofi/proxmox\"]",
      "instances": [
        {
          "schema_version": 0,
          "attributes": {
            "additional_wait": 5,
            "agent": 1,
            "args": "",
            "automatic_reboot": true,
            "balloon": 0,
            "bios": "seabios",
            "boot": "c",
            "bootdisk": "scsi0",
            "bridge": null,
            "ci_wait": null,
            "cicustom": "",
            "cipassword": "password",
            "ciuser": "jndvasco",
            "clone": "Fedora39-Cloud",
            "clone_wait": 10,
            "cloudinit_cdrom_storage": null,
            "cores": 2,
            "cpu": "host",
            "default_ipv4_address": "10.100.1.32",
            "define_connection_info": true,
            "desc": "Fedora 39 Cloud image template | Cloud init ready",
            "disk": [],
            "disk_gb": null,
            "efidisk": [],
            "force_create": false,
            "force_recreate_on_change_of": null,
            "full_clone": true,
            "guest_agent_ready_timeout": 100,
            "hagroup": "",
            "hastate": "",
            "hostpci": [],
            "hotplug": "network,disk,usb",
            "id": "smt-pve1/qemu/402",
            "ipconfig": [],
            "ipconfig0": "gw=10.100.1.1,ip=10.100.1.32/24",
            "ipconfig1": "",
            "ipconfig10": "",
            "ipconfig11": "",
            "ipconfig12": "",
            "ipconfig13": "",
            "ipconfig14": "",
            "ipconfig15": "",
            "ipconfig2": "",
            "ipconfig3": "",
            "ipconfig4": "",
            "ipconfig5": "",
            "ipconfig6": "",
            "ipconfig7": "",
            "ipconfig8": "",
            "ipconfig9": "",
            "iso": null,
            "kvm": true,
            "mac": null,
            "machine": "",
            "memory": 2048,
            "name": "SMT-vDocker1",
            "nameserver": "",
            "network": [
              {
                "bridge": "vmbr0",
                "firewall": false,
                "link_down": false,
                "macaddr": "54:52:00:10:03:02",
                "model": "virtio",
                "mtu": 0,
                "queues": 0,
                "rate": 0,
                "tag": -1
              }
            ],
            "nic": null,
            "numa": false,
            "onboot": true,
            "oncreate": false,
            "os_network_config": null,
            "os_type": "cloud-init",
            "pool": "",
            "preprovision": true,
            "pxe": null,
            "qemu_os": "l26",
            "reboot_required": false,
            "scsihw": "virtio-scsi-single",
            "searchdomain": "",
            "serial": [],
            "smbios": [
              {
                "family": "",
                "manufacturer": "",
                "product": "",
                "serial": "",
                "sku": "",
                "uuid": "b2d50bb1-195a-406e-9d13-e65c6c9e56ba",
                "version": ""
              }
            ],
            "sockets": 1,
            "ssh_forward_ip": null,
            "ssh_host": "10.100.1.32",
            "ssh_port": "22",
            "ssh_private_key": null,
            "ssh_user": null,
            "sshkeys": "  ssh-rsa AAAAB3NzaC1yc2EAAAADAQABAAABgQC9kVnJCnneCB1PpkE+lmWwYy9ilMn1F5YuxXHQ5E/0oxrqjF90xeIGmfWJWHBQPHMeySWC3CgotqpsSTxKoK0dndtgwalZQfxcRXNus0344q3uBTiGT2VIfk3dqKQLTf+XyuM6qO1JHe16SQQyMfcpy4QiiwvSWjrwTXixcY5WNISzBLTDsmzgA7IWVKvY3yjT+rMNnrBNlhcR53gK16sayl6jNDzzfJ1xE6W70WN4zNcPmwoG4ydn1qOhGG8x5rR/vx8Kaan4rOfRS/fcx0T5BRtfz3KE5N0VmIEqUGoSlrGnpmuzlcirt5mhVtDMzUh4c2nTVclC/zL5f0BFB4SdQZyayof0N2ZhBKo2m7gXzml1uc+duoypQRQoUhPjOox+6lsFTVu++8hOcjZ4qMrgOc8ARN4cWix/Bb01T9AHZQIeIycrN1ytfMJ4mzOjHFYWxbHY0hjeV3CMBHAxz2YpzplLV6LFBicJoSoPLt54mLWwySJCYvDp8nxpJ8NeL9M= jndvasco@JNDV-PTT\n\n",
            "startup": "",
            "storage": null,
            "storage_type": null,
            "tablet": true,
            "tags": "fedora",
            "target_node": "smt-pve1",
            "target_nodes": null,
            "timeouts": null,
            "unused_disk": [],
            "usb": [],
            "vcpus": 0,
            "vga": [],
            "vlan": -1,
            "vm_state": "running",
            "vmid": 402
          },
          "sensitive_attributes": [],
          "private": "eyJlMmJmYjczMC1lY2FhLTExZTYtOGY4OC0zNDM2M2JjN2M0YzAiOnsiY3JlYXRlIjoxMjAwMDAwMDAwMDAwLCJkZWZhdWx0IjoxMjAwMDAwMDAwMDAwLCJkZWxldGUiOjEyMDAwMDAwMDAwMDAsInJlYWQiOjEyMDAwMDAwMDAwMDAsInVwZGF0ZSI6MTIwMDAwMDAwMDAwMH19",
          "dependencies": [
            "data.hcp_vault_secrets_app.Homelab"
          ]
        }
      ]
    },
    {
      "module": "module.Fedora39-VM[\"SMT-vMedia1\"]",
      "mode": "managed",
      "type": "cloudflare_record",
      "name": "DNS-VM",
      "provider": "provider[\"registry.terraform.io/cloudflare/cloudflare\"]",
      "instances": [
        {
          "schema_version": 2,
          "attributes": {
            "allow_overwrite": false,
            "comment": "",
            "created_on": "2024-02-02T23:49:29.252088Z",
            "data": [],
            "hostname": "smt-vmedia1.servers.jndvasco.pt",
            "id": "ef29e8d851399f42f5ec208a4f9292d4",
            "metadata": {
              "auto_added": "false",
              "managed_by_apps": "false",
              "managed_by_argo_tunnel": "false",
              "source": "primary"
            },
            "modified_on": "2024-02-02T23:49:29.252088Z",
            "name": "smt-vmedia1.servers.",
            "priority": null,
            "proxiable": false,
            "proxied": false,
            "tags": null,
            "timeouts": null,
            "ttl": 1,
            "type": "A",
            "value": "10.100.1.33",
            "zone_id": "53f43b28c5239050fd4002b792c6717a"
          },
          "sensitive_attributes": [
            [
              {
                "type": "get_attr",
                "value": "zone_id"
              }
            ]
          ],
          "private": "eyJlMmJmYjczMC1lY2FhLTExZTYtOGY4OC0zNDM2M2JjN2M0YzAiOnsiY3JlYXRlIjozMDAwMDAwMDAwMCwidXBkYXRlIjozMDAwMDAwMDAwMH0sInNjaGVtYV92ZXJzaW9uIjoiMiJ9",
          "dependencies": [
            "data.hcp_vault_secrets_app.Homelab"
          ]
        }
      ]
    },
    {
      "module": "module.Fedora39-VM[\"SMT-vMedia1\"]",
      "mode": "managed",
      "type": "proxmox_vm_qemu",
      "name": "Fedora39-VM",
      "provider": "provider[\"registry.terraform.io/thegameprofi/proxmox\"]",
      "instances": [
        {
          "status": "tainted",
          "schema_version": 0,
          "attributes": {
            "additional_wait": 5,
            "agent": 1,
            "args": "",
            "automatic_reboot": true,
            "balloon": 0,
            "bios": "seabios",
            "boot": "c",
            "bootdisk": "scsi0",
            "bridge": null,
            "ci_wait": null,
            "cicustom": "",
            "cipassword": "password",
            "ciuser": "jndvasco",
            "clone": "Fedora39-Cloud",
            "clone_wait": 10,
            "cloudinit_cdrom_storage": null,
            "cores": 2,
            "cpu": "host",
            "default_ipv4_address": "10.100.1.33",
            "define_connection_info": true,
            "desc": "Fedora 39 Cloud image template | Cloud init ready",
            "disk": [],
            "disk_gb": null,
            "efidisk": [],
            "force_create": false,
            "force_recreate_on_change_of": null,
            "full_clone": true,
            "guest_agent_ready_timeout": 100,
            "hagroup": "",
            "hastate": "",
            "hostpci": [],
            "hotplug": "network,disk,usb",
            "id": "smt-pve3/qemu/403",
            "ipconfig": [],
            "ipconfig0": "gw=10.100.1.1,ip=10.100.1.33/24",
            "ipconfig1": "",
            "ipconfig10": "",
            "ipconfig11": "",
            "ipconfig12": "",
            "ipconfig13": "",
            "ipconfig14": "",
            "ipconfig15": "",
            "ipconfig2": "",
            "ipconfig3": "",
            "ipconfig4": "",
            "ipconfig5": "",
            "ipconfig6": "",
            "ipconfig7": "",
            "ipconfig8": "",
            "ipconfig9": "",
            "iso": null,
            "kvm": true,
            "mac": null,
            "machine": "",
            "memory": 2048,
            "name": "SMT-vMedia1",
            "nameserver": "",
            "network": [
              {
                "bridge": "vmbr0",
                "firewall": false,
                "link_down": false,
                "macaddr": "54:52:00:10:03:03",
                "model": "virtio",
                "mtu": 0,
                "queues": 0,
                "rate": 0,
                "tag": -1
              }
            ],
            "nic": null,
            "numa": false,
            "onboot": true,
            "oncreate": false,
            "os_network_config": null,
            "os_type": "cloud-init",
            "pool": "",
            "preprovision": true,
            "pxe": null,
            "qemu_os": "l26",
            "reboot_required": false,
            "scsihw": "virtio-scsi-single",
            "searchdomain": "",
            "serial": [],
            "smbios": [
              {
                "family": "",
                "manufacturer": "",
                "product": "",
                "serial": "",
                "sku": "",
                "uuid": "5bd64ba1-f9d2-4ecd-b21b-f3bf06e3e072",
                "version": ""
              }
            ],
            "sockets": 1,
            "ssh_forward_ip": null,
            "ssh_host": "10.100.1.33",
            "ssh_port": "22",
            "ssh_private_key": null,
            "ssh_user": null,
            "sshkeys": "  ssh-rsa AAAAB3NzaC1yc2EAAAADAQABAAABgQC9kVnJCnneCB1PpkE+lmWwYy9ilMn1F5YuxXHQ5E/0oxrqjF90xeIGmfWJWHBQPHMeySWC3CgotqpsSTxKoK0dndtgwalZQfxcRXNus0344q3uBTiGT2VIfk3dqKQLTf+XyuM6qO1JHe16SQQyMfcpy4QiiwvSWjrwTXixcY5WNISzBLTDsmzgA7IWVKvY3yjT+rMNnrBNlhcR53gK16sayl6jNDzzfJ1xE6W70WN4zNcPmwoG4ydn1qOhGG8x5rR/vx8Kaan4rOfRS/fcx0T5BRtfz3KE5N0VmIEqUGoSlrGnpmuzlcirt5mhVtDMzUh4c2nTVclC/zL5f0BFB4SdQZyayof0N2ZhBKo2m7gXzml1uc+duoypQRQoUhPjOox+6lsFTVu++8hOcjZ4qMrgOc8ARN4cWix/Bb01T9AHZQIeIycrN1ytfMJ4mzOjHFYWxbHY0hjeV3CMBHAxz2YpzplLV6LFBicJoSoPLt54mLWwySJCYvDp8nxpJ8NeL9M= jndvasco@JNDV-PTT\n\n",
            "startup": "",
            "storage": null,
            "storage_type": null,
            "tablet": true,
            "tags": "fedora",
            "target_node": "smt-pve3",
            "target_nodes": null,
            "timeouts": null,
            "unused_disk": [],
            "usb": [],
            "vcpus": 0,
            "vga": [],
            "vlan": -1,
            "vm_state": "running",
            "vmid": 403
          },
          "sensitive_attributes": [],
          "private": "eyJlMmJmYjczMC1lY2FhLTExZTYtOGY4OC0zNDM2M2JjN2M0YzAiOnsiY3JlYXRlIjoxMjAwMDAwMDAwMDAwLCJkZWZhdWx0IjoxMjAwMDAwMDAwMDAwLCJkZWxldGUiOjEyMDAwMDAwMDAwMDAsInJlYWQiOjEyMDAwMDAwMDAwMDAsInVwZGF0ZSI6MTIwMDAwMDAwMDAwMH19",
          "dependencies": [
            "data.hcp_vault_secrets_app.Homelab"
          ]
        }
      ]
    },
    {
      "module": "module.Fedora39-VM[\"SMT-vMonitoring1\"]",
      "mode": "managed",
      "type": "cloudflare_record",
      "name": "DNS-VM",
      "provider": "provider[\"registry.terraform.io/cloudflare/cloudflare\"]",
      "instances": [
        {
          "schema_version": 2,
          "attributes": {
            "allow_overwrite": false,
            "comment": "",
            "created_on": "2024-02-02T23:49:29.231522Z",
            "data": [],
            "hostname": "smt-vmonitoring1.servers.jndvasco.pt",
            "id": "977ee166cc853c78f4d31abd83902251",
            "metadata": {
              "auto_added": "false",
              "managed_by_apps": "false",
              "managed_by_argo_tunnel": "false",
              "source": "primary"
            },
            "modified_on": "2024-02-02T23:49:29.231522Z",
            "name": "smt-vmonitoring1.servers.",
            "priority": null,
            "proxiable": false,
            "proxied": false,
            "tags": null,
            "timeouts": null,
            "ttl": 1,
            "type": "A",
            "value": "10.100.1.30",
            "zone_id": "53f43b28c5239050fd4002b792c6717a"
          },
          "sensitive_attributes": [
            [
              {
                "type": "get_attr",
                "value": "zone_id"
              }
            ]
          ],
          "private": "eyJlMmJmYjczMC1lY2FhLTExZTYtOGY4OC0zNDM2M2JjN2M0YzAiOnsiY3JlYXRlIjozMDAwMDAwMDAwMCwidXBkYXRlIjozMDAwMDAwMDAwMH0sInNjaGVtYV92ZXJzaW9uIjoiMiJ9",
          "dependencies": [
            "data.hcp_vault_secrets_app.Homelab"
          ]
        }
      ]
    },
    {
      "module": "module.Fedora39-VM[\"SMT-vMonitoring1\"]",
      "mode": "managed",
      "type": "proxmox_vm_qemu",
      "name": "Fedora39-VM",
      "provider": "provider[\"registry.terraform.io/thegameprofi/proxmox\"]",
      "instances": [
        {
          "schema_version": 0,
          "attributes": {
            "additional_wait": 5,
            "agent": 1,
            "args": "",
            "automatic_reboot": true,
            "balloon": 0,
            "bios": "seabios",
            "boot": "c",
            "bootdisk": "scsi0",
            "bridge": null,
            "ci_wait": null,
            "cicustom": "",
            "cipassword": "password",
            "ciuser": "jndvasco",
            "clone": "Fedora39-Cloud",
            "clone_wait": 10,
            "cloudinit_cdrom_storage": null,
            "cores": 2,
            "cpu": "host",
            "default_ipv4_address": "10.100.1.30",
            "define_connection_info": true,
            "desc": "Fedora 39 Cloud image template | Cloud init ready",
            "disk": [],
            "disk_gb": null,
            "efidisk": [],
            "force_create": false,
            "force_recreate_on_change_of": null,
            "full_clone": true,
            "guest_agent_ready_timeout": 100,
            "hagroup": "",
            "hastate": "",
            "hostpci": [],
            "hotplug": "network,disk,usb",
            "id": "smt-pve1/qemu/400",
            "ipconfig": [],
            "ipconfig0": "gw=10.100.1.1,ip=10.100.1.30/24",
            "ipconfig1": "",
            "ipconfig10": "",
            "ipconfig11": "",
            "ipconfig12": "",
            "ipconfig13": "",
            "ipconfig14": "",
            "ipconfig15": "",
            "ipconfig2": "",
            "ipconfig3": "",
            "ipconfig4": "",
            "ipconfig5": "",
            "ipconfig6": "",
            "ipconfig7": "",
            "ipconfig8": "",
            "ipconfig9": "",
            "iso": null,
            "kvm": true,
            "mac": null,
            "machine": "",
            "memory": 4096,
            "name": "SMT-vMonitoring1",
            "nameserver": "",
            "network": [
              {
                "bridge": "vmbr0",
                "firewall": false,
                "link_down": false,
                "macaddr": "54:52:00:10:03:00",
                "model": "virtio",
                "mtu": 0,
                "queues": 0,
                "rate": 0,
                "tag": -1
              }
            ],
            "nic": null,
            "numa": false,
            "onboot": true,
            "oncreate": false,
            "os_network_config": null,
            "os_type": "cloud-init",
            "pool": "",
            "preprovision": true,
            "pxe": null,
            "qemu_os": "l26",
            "reboot_required": false,
            "scsihw": "virtio-scsi-single",
            "searchdomain": "",
            "serial": [],
            "smbios": [
              {
                "family": "",
                "manufacturer": "",
                "product": "",
                "serial": "",
                "sku": "",
                "uuid": "4c9a36a1-4d45-4d87-a748-dc73d690dc6d",
                "version": ""
              }
            ],
            "sockets": 1,
            "ssh_forward_ip": null,
            "ssh_host": "10.100.1.30",
            "ssh_port": "22",
            "ssh_private_key": null,
            "ssh_user": null,
            "sshkeys": "  ssh-rsa AAAAB3NzaC1yc2EAAAADAQABAAABgQC9kVnJCnneCB1PpkE+lmWwYy9ilMn1F5YuxXHQ5E/0oxrqjF90xeIGmfWJWHBQPHMeySWC3CgotqpsSTxKoK0dndtgwalZQfxcRXNus0344q3uBTiGT2VIfk3dqKQLTf+XyuM6qO1JHe16SQQyMfcpy4QiiwvSWjrwTXixcY5WNISzBLTDsmzgA7IWVKvY3yjT+rMNnrBNlhcR53gK16sayl6jNDzzfJ1xE6W70WN4zNcPmwoG4ydn1qOhGG8x5rR/vx8Kaan4rOfRS/fcx0T5BRtfz3KE5N0VmIEqUGoSlrGnpmuzlcirt5mhVtDMzUh4c2nTVclC/zL5f0BFB4SdQZyayof0N2ZhBKo2m7gXzml1uc+duoypQRQoUhPjOox+6lsFTVu++8hOcjZ4qMrgOc8ARN4cWix/Bb01T9AHZQIeIycrN1ytfMJ4mzOjHFYWxbHY0hjeV3CMBHAxz2YpzplLV6LFBicJoSoPLt54mLWwySJCYvDp8nxpJ8NeL9M= jndvasco@JNDV-PTT\n\n",
            "startup": "",
            "storage": null,
            "storage_type": null,
            "tablet": true,
            "tags": "fedora",
            "target_node": "smt-pve1",
            "target_nodes": null,
            "timeouts": null,
            "unused_disk": [],
            "usb": [],
            "vcpus": 0,
            "vga": [],
            "vlan": -1,
            "vm_state": "running",
            "vmid": 400
          },
          "sensitive_attributes": [],
          "private": "eyJlMmJmYjczMC1lY2FhLTExZTYtOGY4OC0zNDM2M2JjN2M0YzAiOnsiY3JlYXRlIjoxMjAwMDAwMDAwMDAwLCJkZWZhdWx0IjoxMjAwMDAwMDAwMDAwLCJkZWxldGUiOjEyMDAwMDAwMDAwMDAsInJlYWQiOjEyMDAwMDAwMDAwMDAsInVwZGF0ZSI6MTIwMDAwMDAwMDAwMH19",
          "dependencies": [
            "data.hcp_vault_secrets_app.Homelab"
          ]
        }
      ]
    },
    {
      "module": "module.Fedora39-VM[\"SMT-vWazuh1\"]",
      "mode": "managed",
      "type": "cloudflare_record",
      "name": "DNS-VM",
      "provider": "provider[\"registry.terraform.io/cloudflare/cloudflare\"]",
      "instances": [
        {
          "schema_version": 2,
          "attributes": {
            "allow_overwrite": false,
            "comment": "",
            "created_on": "2024-02-02T23:49:29.279984Z",
            "data": [],
            "hostname": "smt-vwazuh1.servers.jndvasco.pt",
            "id": "9853cc4f0f21f22e0cdead6b0de1f75a",
            "metadata": {
              "auto_added": "false",
              "managed_by_apps": "false",
              "managed_by_argo_tunnel": "false",
              "source": "primary"
            },
            "modified_on": "2024-02-02T23:49:29.279984Z",
            "name": "smt-vwazuh1.servers.",
            "priority": null,
            "proxiable": false,
            "proxied": false,
            "tags": null,
            "timeouts": null,
            "ttl": 1,
            "type": "A",
            "value": "10.100.1.31",
            "zone_id": "53f43b28c5239050fd4002b792c6717a"
          },
          "sensitive_attributes": [
            [
              {
                "type": "get_attr",
                "value": "zone_id"
              }
            ]
          ],
          "private": "eyJlMmJmYjczMC1lY2FhLTExZTYtOGY4OC0zNDM2M2JjN2M0YzAiOnsiY3JlYXRlIjozMDAwMDAwMDAwMCwidXBkYXRlIjozMDAwMDAwMDAwMH0sInNjaGVtYV92ZXJzaW9uIjoiMiJ9",
          "dependencies": [
            "data.hcp_vault_secrets_app.Homelab"
          ]
        }
      ]
    },
    {
      "module": "module.Fedora39-VM[\"SMT-vWazuh1\"]",
      "mode": "managed",
      "type": "proxmox_vm_qemu",
      "name": "Fedora39-VM",
      "provider": "provider[\"registry.terraform.io/thegameprofi/proxmox\"]",
      "instances": [
        {
          "schema_version": 0,
          "attributes": {
            "additional_wait": 5,
            "agent": 1,
            "args": "",
            "automatic_reboot": true,
            "balloon": 0,
            "bios": "seabios",
            "boot": "c",
            "bootdisk": "scsi0",
            "bridge": null,
            "ci_wait": null,
            "cicustom": "",
            "cipassword": "password",
            "ciuser": "jndvasco",
            "clone": "Fedora39-Cloud",
            "clone_wait": 10,
            "cloudinit_cdrom_storage": null,
            "cores": 2,
            "cpu": "host",
            "default_ipv4_address": "10.100.1.31",
            "define_connection_info": true,
            "desc": "Fedora 39 Cloud image template | Cloud init ready",
            "disk": [],
            "disk_gb": null,
            "efidisk": [],
            "force_create": false,
            "force_recreate_on_change_of": null,
            "full_clone": true,
            "guest_agent_ready_timeout": 100,
            "hagroup": "",
            "hastate": "",
            "hostpci": [],
            "hotplug": "network,disk,usb",
            "id": "smt-pve1/qemu/401",
            "ipconfig": [],
            "ipconfig0": "gw=10.100.1.1,ip=10.100.1.31/24",
            "ipconfig1": "",
            "ipconfig10": "",
            "ipconfig11": "",
            "ipconfig12": "",
            "ipconfig13": "",
            "ipconfig14": "",
            "ipconfig15": "",
            "ipconfig2": "",
            "ipconfig3": "",
            "ipconfig4": "",
            "ipconfig5": "",
            "ipconfig6": "",
            "ipconfig7": "",
            "ipconfig8": "",
            "ipconfig9": "",
            "iso": null,
            "kvm": true,
            "mac": null,
            "machine": "",
            "memory": 2048,
            "name": "SMT-vWazuh1",
            "nameserver": "",
            "network": [
              {
                "bridge": "vmbr0",
                "firewall": false,
                "link_down": false,
                "macaddr": "54:52:00:10:03:01",
                "model": "virtio",
                "mtu": 0,
                "queues": 0,
                "rate": 0,
                "tag": -1
              }
            ],
            "nic": null,
            "numa": false,
            "onboot": true,
            "oncreate": false,
            "os_network_config": null,
            "os_type": "cloud-init",
            "pool": "",
            "preprovision": true,
            "pxe": null,
            "qemu_os": "l26",
            "reboot_required": false,
            "scsihw": "virtio-scsi-single",
            "searchdomain": "",
            "serial": [],
            "smbios": [
              {
                "family": "",
                "manufacturer": "",
                "product": "",
                "serial": "",
                "sku": "",
                "uuid": "adacf988-8f99-41f3-96aa-9ae805880225",
                "version": ""
              }
            ],
            "sockets": 1,
            "ssh_forward_ip": null,
            "ssh_host": "10.100.1.31",
            "ssh_port": "22",
            "ssh_private_key": null,
            "ssh_user": null,
            "sshkeys": "  ssh-rsa AAAAB3NzaC1yc2EAAAADAQABAAABgQC9kVnJCnneCB1PpkE+lmWwYy9ilMn1F5YuxXHQ5E/0oxrqjF90xeIGmfWJWHBQPHMeySWC3CgotqpsSTxKoK0dndtgwalZQfxcRXNus0344q3uBTiGT2VIfk3dqKQLTf+XyuM6qO1JHe16SQQyMfcpy4QiiwvSWjrwTXixcY5WNISzBLTDsmzgA7IWVKvY3yjT+rMNnrBNlhcR53gK16sayl6jNDzzfJ1xE6W70WN4zNcPmwoG4ydn1qOhGG8x5rR/vx8Kaan4rOfRS/fcx0T5BRtfz3KE5N0VmIEqUGoSlrGnpmuzlcirt5mhVtDMzUh4c2nTVclC/zL5f0BFB4SdQZyayof0N2ZhBKo2m7gXzml1uc+duoypQRQoUhPjOox+6lsFTVu++8hOcjZ4qMrgOc8ARN4cWix/Bb01T9AHZQIeIycrN1ytfMJ4mzOjHFYWxbHY0hjeV3CMBHAxz2YpzplLV6LFBicJoSoPLt54mLWwySJCYvDp8nxpJ8NeL9M= jndvasco@JNDV-PTT\n\n",
            "startup": "",
            "storage": null,
            "storage_type": null,
            "tablet": true,
            "tags": "fedora",
            "target_node": "smt-pve1",
            "target_nodes": null,
            "timeouts": null,
            "unused_disk": [],
            "usb": [],
            "vcpus": 0,
            "vga": [],
            "vlan": -1,
            "vm_state": "running",
            "vmid": 401
          },
          "sensitive_attributes": [],
          "private": "eyJlMmJmYjczMC1lY2FhLTExZTYtOGY4OC0zNDM2M2JjN2M0YzAiOnsiY3JlYXRlIjoxMjAwMDAwMDAwMDAwLCJkZWZhdWx0IjoxMjAwMDAwMDAwMDAwLCJkZWxldGUiOjEyMDAwMDAwMDAwMDAsInJlYWQiOjEyMDAwMDAwMDAwMDAsInVwZGF0ZSI6MTIwMDAwMDAwMDAwMH19",
          "dependencies": [
            "data.hcp_vault_secrets_app.Homelab"
          ]
        }
      ]
    }
  ],
  "check_results": []
}
