{
  "version": 4,
  "terraform_version": "1.6.6",
  "serial": 31,
  "lineage": "1968e05a-2182-19b1-3a6b-eeaec29b4e04",
  "outputs": {},
  "resources": [
    {
      "mode": "managed",
      "type": "proxmox_vm_qemu",
      "name": "HL-vMonitoring1",
      "provider": "provider[\"registry.terraform.io/thegameprofi/proxmox\"]",
      "instances": [
        {
          "status": "tainted",
          "schema_version": 0,
          "attributes": {
            "additional_wait": 5,
            "agent": 1,
            "args": "",
            "automatic_reboot": true,
            "balloon": 0,
            "bios": "seabios",
            "boot": "order=scsi0;net0;ide0",
            "bootdisk": "",
            "bridge": null,
            "ci_wait": null,
            "cicustom": "",
            "cipassword": "jndvasco",
            "ciuser": "jndvasco",
            "clone": "Fedora39-Cloud",
            "clone_wait": 10,
            "cloudinit_cdrom_storage": null,
            "cores": 2,
            "cpu": "host",
            "default_ipv4_address": "192.168.1.171",
            "define_connection_info": true,
            "desc": "Monitoring Stack | Grafana | Prometheus | Loki | InfluxDB",
            "disk": [],
            "disk_gb": null,
            "force_create": false,
            "force_recreate_on_change_of": null,
            "full_clone": true,
            "guest_agent_ready_timeout": 100,
            "hagroup": "",
            "hastate": "",
            "hostpci": [],
            "hotplug": "network,disk,usb",
            "id": "pve1/qemu/303",
            "ipconfig0": "ip=dhcp",
            "ipconfig1": "",
            "ipconfig10": "",
            "ipconfig11": "",
            "ipconfig12": "",
            "ipconfig13": "",
            "ipconfig14": "",
            "ipconfig15": "",
            "ipconfig2": "",
            "ipconfig3": "",
            "ipconfig4": "",
            "ipconfig5": "",
            "ipconfig6": "",
            "ipconfig7": "",
            "ipconfig8": "",
            "ipconfig9": "",
            "iso": null,
            "kvm": true,
            "mac": null,
            "machine": "",
            "memory": 4096,
            "name": "HL-vMonitoring1",
            "nameserver": "",
            "network": [
              {
                "bridge": "vmbr0",
                "firewall": false,
                "link_down": false,
                "macaddr": "54:52:00:00:00:01",
                "model": "virtio",
                "mtu": 0,
                "queues": 0,
                "rate": 0,
                "tag": -1
              }
            ],
            "nic": null,
            "numa": false,
            "onboot": true,
            "oncreate": false,
            "os_network_config": null,
            "os_type": "cloud-init",
            "pool": "",
            "preprovision": true,
            "pxe": null,
            "qemu_os": "l26",
            "reboot_required": false,
            "scsihw": "virtio-scsi-single",
            "searchdomain": "",
            "serial": [],
            "smbios": [
              {
                "family": "",
                "manufacturer": "",
                "product": "",
                "serial": "",
                "sku": "",
                "uuid": "e5f800a6-b528-484e-b978-9282b9c09085",
                "version": ""
              }
            ],
            "sockets": 1,
            "ssh_forward_ip": null,
            "ssh_host": "192.168.1.171",
            "ssh_port": "22",
            "ssh_private_key": null,
            "ssh_user": null,
            "sshkeys": "  ssh-rsa AAAAB3NzaC1yc2EAAAADAQABAAABgQC9kVnJCnneCB1PpkE+lmWwYy9ilMn1F5YuxXHQ5E/0oxrqjF90xeIGmfWJWHBQPHMeySWC3CgotqpsSTxKoK0dndtgwalZQfxcRXNus0344q3uBTiGT2VIfk3dqKQLTf+XyuM6qO1JHe16SQQyMfcpy4QiiwvSWjrwTXixcY5WNISzBLTDsmzgA7IWVKvY3yjT+rMNnrBNlhcR53gK16sayl6jNDzzfJ1xE6W70WN4zNcPmwoG4ydn1qOhGG8x5rR/vx8Kaan4rOfRS/fcx0T5BRtfz3KE5N0VmIEqUGoSlrGnpmuzlcirt5mhVtDMzUh4c2nTVclC/zL5f0BFB4SdQZyayof0N2ZhBKo2m7gXzml1uc+duoypQRQoUhPjOox+6lsFTVu++8hOcjZ4qMrgOc8ARN4cWix/Bb01T9AHZQIeIycrN1ytfMJ4mzOjHFYWxbHY0hjeV3CMBHAxz2YpzplLV6LFBicJoSoPLt54mLWwySJCYvDp8nxpJ8NeL9M= jndvasco@JNDV-PTT\n\n",
            "startup": "",
            "storage": null,
            "storage_type": null,
            "tablet": true,
            "tags": "Fedora",
            "target_node": "pve1",
            "timeouts": null,
            "unused_disk": [],
            "usb": [],
            "vcpus": 0,
            "vga": [],
            "vlan": -1,
            "vm_state": "running",
            "vmid": 303
          },
          "sensitive_attributes": [
            [
              {
                "type": "get_attr",
                "value": "cipassword"
              }
            ]
          ],
          "private": "eyJlMmJmYjczMC1lY2FhLTExZTYtOGY4OC0zNDM2M2JjN2M0YzAiOnsiY3JlYXRlIjoxMjAwMDAwMDAwMDAwLCJkZWZhdWx0IjoxMjAwMDAwMDAwMDAwLCJkZWxldGUiOjEyMDAwMDAwMDAwMDAsInJlYWQiOjEyMDAwMDAwMDAwMDAsInVwZGF0ZSI6MTIwMDAwMDAwMDAwMH19"
        }
      ]
    }
  ],
  "check_results": null
}
