{
  "version": 4,
  "terraform_version": "1.3.3",
  "serial": 38,
  "lineage": "aabe70c0-9451-c43d-3035-4fde39056ced",
  "outputs": {},
  "resources": [
    {
      "mode": "data",
      "type": "hcp_vault_secrets_app",
      "name": "Homelab",
      "provider": "provider[\"registry.terraform.io/hashicorp/hcp\"]",
      "instances": [
        {
          "schema_version": 0,
          "attributes": {
            "app_name": "Homelab",
            "id": "Homelab",
            "organization_id": "b4de0a7b-ac76-405b-ac32-9543ce8ecdd2",
            "project_id": "deaad29a-375c-407e-94ff-b73359c769b6",
            "secrets": {
              "CF_API_TOKEN": "4Okde0GENVYQisGTXNTKncMSdfvUpgZ0syoU7MTq",
              "CF_ZONE_ID": "53f43b28c5239050fd4002b792c6717a",
              "HL_CTC_PVE1_TOKEN": "c4d544f3-cc48-4a82-960d-24ee0de95388",
              "HL_SMT_PVE1_TOKEN": "6c313fdd-1fe1-43b0-b7e9-8f7d57ba7161",
              "HL_SMT_PVE2_TOKEN": "e11d23c6-b4bf-4b2a-b855-e40cddc99e0a",
              "VM_PASSWORD": "jndvasco"
            }
          },
          "sensitive_attributes": []
        }
      ]
    },
    {
      "mode": "managed",
      "type": "proxmox_lxc",
      "name": "SMT-vStorage1",
      "provider": "provider[\"registry.terraform.io/thegameprofi/proxmox\"]",
      "instances": [
        {
          "schema_version": 0,
          "attributes": {
            "arch": "amd64",
            "bwlimit": 0,
            "clone": null,
            "clone_storage": null,
            "cmode": "tty",
            "console": true,
            "cores": 2,
            "cpulimit": 0,
            "cpuunits": 1024,
            "description": "",
            "features": [],
            "force": false,
            "full": null,
            "hagroup": "",
            "hastate": "",
            "hookscript": "",
            "hostname": "SMT-vStorage1",
            "id": "smt-pve1/lxc/118",
            "ignore_unpack_errors": false,
            "lock": "",
            "memory": 512,
            "mountpoint": [
              {
                "acl": false,
                "backup": false,
                "file": "vm-118-disk-1",
                "key": "0",
                "mp": "/mnt/Fast_64GB",
                "quota": false,
                "replicate": false,
                "shared": false,
                "size": "64G",
                "slot": 0,
                "storage": "local-lvm",
                "volume": "local-lvm:vm-118-disk-1"
              }
            ],
            "nameserver": "",
            "network": [
              {
                "bridge": "vmbr0",
                "firewall": false,
                "gw": "10.100.1.1",
                "gw6": "",
                "hwaddr": "54:52:10:0C:0D:D8",
                "id": 0,
                "ip": "10.100.1.18/24",
                "ip6": "dhcp",
                "mtu": 0,
                "name": "eth0",
                "rate": 0,
                "tag": 0,
                "trunks": "",
                "type": "veth"
              }
            ],
            "onboot": false,
            "ostemplate": "local:vztmpl/almalinux-9-default_20221108_amd64.tar.xz",
            "ostype": "centos",
            "password": "password",
            "pool": null,
            "protection": false,
            "restore": false,
            "rootfs": [
              {
                "acl": false,
                "quota": false,
                "replicate": false,
                "ro": false,
                "shared": false,
                "size": "8G",
                "storage": "local-lvm",
                "volume": "local-lvm:vm-118-disk-0"
              }
            ],
            "searchdomain": "",
            "ssh_public_keys": "ssh-rsa AAAAB3NzaC1yc2EAAAADAQABAAABgQC9kVnJCnneCB1PpkE+lmWwYy9ilMn1F5YuxXHQ5E/0oxrqjF90xeIGmfWJWHBQPHMeySWC3CgotqpsSTxKoK0dndtgwalZQfxcRXNus0344q3uBTiGT2VIfk3dqKQLTf+XyuM6qO1JHe16SQQyMfcpy4QiiwvSWjrwTXixcY5WNISzBLTDsmzgA7IWVKvY3yjT+rMNnrBNlhcR53gK16sayl6jNDzzfJ1xE6W70WN4zNcPmwoG4ydn1qOhGG8x5rR/vx8Kaan4rOfRS/fcx0T5BRtfz3KE5N0VmIEqUGoSlrGnpmuzlcirt5mhVtDMzUh4c2nTVclC/zL5f0BFB4SdQZyayof0N2ZhBKo2m7gXzml1uc+duoypQRQoUhPjOox+6lsFTVu++8hOcjZ4qMrgOc8ARN4cWix/Bb01T9AHZQIeIycrN1ytfMJ4mzOjHFYWxbHY0hjeV3CMBHAxz2YpzplLV6LFBicJoSoPLt54mLWwySJCYvDp8nxpJ8NeL9M= jndvasco@JNDV-PTT\n",
            "start": true,
            "startup": "",
            "swap": 512,
            "tags": "",
            "target_node": "smt-pve1",
            "template": false,
            "timeouts": null,
            "tty": 2,
            "unique": false,
            "unprivileged": true,
            "unused": [],
            "vmid": 118
          },
          "sensitive_attributes": [],
          "private": "eyJlMmJmYjczMC1lY2FhLTExZTYtOGY4OC0zNDM2M2JjN2M0YzAiOnsiY3JlYXRlIjoxMjAwMDAwMDAwMDAwLCJkZWZhdWx0IjoxMjAwMDAwMDAwMDAwLCJkZWxldGUiOjEyMDAwMDAwMDAwMDAsInJlYWQiOjEyMDAwMDAwMDAwMDAsInVwZGF0ZSI6MTIwMDAwMDAwMDAwMH19",
          "dependencies": [
            "data.hcp_vault_secrets_app.Homelab"
          ]
        }
      ]
    }
  ],
  "check_results": []
}
